// !$*UTF8*$!
{
	archiveVersion = 1;
	classes = {
	};
	objectVersion = 46;
	objects = {

/* Begin PBXBuildFile section */
		6B84B21B1B83138400A68430 /* AppDelegate.swift in Sources */ = {isa = PBXBuildFile; fileRef = 6B84B21A1B83138400A68430 /* AppDelegate.swift */; };
		6B84B21D1B83138400A68430 /* ViewController.swift in Sources */ = {isa = PBXBuildFile; fileRef = 6B84B21C1B83138400A68430 /* ViewController.swift */; };
		6B84B2201B83138400A68430 /* Main.storyboard in Resources */ = {isa = PBXBuildFile; fileRef = 6B84B21E1B83138400A68430 /* Main.storyboard */; };
		6B84B2221B83138400A68430 /* Images.xcassets in Resources */ = {isa = PBXBuildFile; fileRef = 6B84B2211B83138400A68430 /* Images.xcassets */; };
		6B84B2251B83138400A68430 /* LaunchScreen.xib in Resources */ = {isa = PBXBuildFile; fileRef = 6B84B2231B83138400A68430 /* LaunchScreen.xib */; };
		6B84B2311B83138500A68430 /* UIView___Tests.swift in Sources */ = {isa = PBXBuildFile; fileRef = 6B84B2301B83138500A68430 /* UIView___Tests.swift */; };
		6B84B23B1B83208000A68430 /* nomal.png in Resources */ = {isa = PBXBuildFile; fileRef = 6B84B23A1B83208000A68430 /* nomal.png */; };
/* End PBXBuildFile section */

/* Begin PBXContainerItemProxy section */
		6B84B22B1B83138500A68430 /* PBXContainerItemProxy */ = {
			isa = PBXContainerItemProxy;
			containerPortal = 6B84B20D1B83138400A68430 /* Project object */;
			proxyType = 1;
			remoteGlobalIDString = 6B84B2141B83138400A68430;
			remoteInfo = "UIView的使用";
		};
/* End PBXContainerItemProxy section */

/* Begin PBXFileReference section */
		6B84B2151B83138400A68430 /* UIView的使用.app */ = {isa = PBXFileReference; explicitFileType = wrapper.application; includeInIndex = 0; path = "UIView的使用.app"; sourceTree = BUILT_PRODUCTS_DIR; };
		6B84B2191B83138400A68430 /* Info.plist */ = {isa = PBXFileReference; lastKnownFileType = text.plist.xml; path = Info.plist; sourceTree = "<group>"; };
		6B84B21A1B83138400A68430 /* AppDelegate.swift */ = {isa = PBXFileReference; lastKnownFileType = sourcecode.swift; path = AppDelegate.swift; sourceTree = "<group>"; };
		6B84B21C1B83138400A68430 /* ViewController.swift */ = {isa = PBXFileReference; lastKnownFileType = sourcecode.swift; path = ViewController.swift; sourceTree = "<group>"; };
		6B84B21F1B83138400A68430 /* Base */ = {isa = PBXFileReference; lastKnownFileType = file.storyboard; name = Base; path = Base.lproj/Main.storyboard; sourceTree = "<group>"; };
		6B84B2211B83138400A68430 /* Images.xcassets */ = {isa = PBXFileReference; lastKnownFileType = folder.assetcatalog; path = Images.xcassets; sourceTree = "<group>"; };
		6B84B2241B83138400A68430 /* Base */ = {isa = PBXFileReference; lastKnownFileType = file.xib; name = Base; path = Base.lproj/LaunchScreen.xib; sourceTree = "<group>"; };
		6B84B22A1B83138500A68430 /* UIView的使用Tests.xctest */ = {isa = PBXFileReference; explicitFileType = wrapper.cfbundle; includeInIndex = 0; path = "UIView的使用Tests.xctest"; sourceTree = BUILT_PRODUCTS_DIR; };
		6B84B22F1B83138500A68430 /* Info.plist */ = {isa = PBXFileReference; lastKnownFileType = text.plist.xml; path = Info.plist; sourceTree = "<group>"; };
		6B84B2301B83138500A68430 /* UIView___Tests.swift */ = {isa = PBXFileReference; lastKnownFileType = sourcecode.swift; path = "UIView___Tests.swift"; sourceTree = "<group>"; };
		6B84B23A1B83208000A68430 /* nomal.png */ = {isa = PBXFileReference; lastKnownFileType = image.png; path = nomal.png; sourceTree = "<group>"; };
/* End PBXFileReference section */

/* Begin PBXFrameworksBuildPhase section */
		6B84B2121B83138400A68430 /* Frameworks */ = {
			isa = PBXFrameworksBuildPhase;
			buildActionMask = 2147483647;
			files = (
			);
			runOnlyForDeploymentPostprocessing = 0;
		};
		6B84B2271B83138500A68430 /* Frameworks */ = {
			isa = PBXFrameworksBuildPhase;
			buildActionMask = 2147483647;
			files = (
			);
			runOnlyForDeploymentPostprocessing = 0;
		};
/* End PBXFrameworksBuildPhase section */

/* Begin PBXGroup section */
		6B84B20C1B83138400A68430 = {
			isa = PBXGroup;
			children = (
				6B84B2171B83138400A68430 /* UIView的使用 */,
				6B84B22D1B83138500A68430 /* UIView的使用Tests */,
				6B84B2161B83138400A68430 /* Products */,
			);
			sourceTree = "<group>";
		};
		6B84B2161B83138400A68430 /* Products */ = {
			isa = PBXGroup;
			children = (
				6B84B2151B83138400A68430 /* UIView的使用.app */,
				6B84B22A1B83138500A68430 /* UIView的使用Tests.xctest */,
			);
			name = Products;
			sourceTree = "<group>";
		};
		6B84B2171B83138400A68430 /* UIView的使用 */ = {
			isa = PBXGroup;
			children = (
				6B84B23A1B83208000A68430 /* nomal.png */,
				6B84B21A1B83138400A68430 /* AppDelegate.swift */,
				6B84B21C1B83138400A68430 /* ViewController.swift */,
				6B84B21E1B83138400A68430 /* Main.storyboard */,
				6B84B2211B83138400A68430 /* Images.xcassets */,
				6B84B2231B83138400A68430 /* LaunchScreen.xib */,
				6B84B2181B83138400A68430 /* Supporting Files */,
			);
			path = "UIView的使用";
			sourceTree = "<group>";
		};
		6B84B2181B83138400A68430 /* Supporting Files */ = {
			isa = PBXGroup;
			children = (
				6B84B2191B83138400A68430 /* Info.plist */,
			);
			name = "Supporting Files";
			sourceTree = "<group>";
		};
		6B84B22D1B83138500A68430 /* UIView的使用Tests */ = {
			isa = PBXGroup;
			children = (
				6B84B2301B83138500A68430 /* UIView___Tests.swift */,
				6B84B22E1B83138500A68430 /* Supporting Files */,
			);
			path = "UIView的使用Tests";
			sourceTree = "<group>";
		};
		6B84B22E1B83138500A68430 /* Supporting Files */ = {
			isa = PBXGroup;
			children = (
				6B84B22F1B83138500A68430 /* Info.plist */,
			);
			name = "Supporting Files";
			sourceTree = "<group>";
		};
/* End PBXGroup section */

/* Begin PBXNativeTarget section */
		6B84B2141B83138400A68430 /* UIView的使用 */ = {
			isa = PBXNativeTarget;
			buildConfigurationList = 6B84B2341B83138500A68430 /* Build configuration list for PBXNativeTarget "UIView的使用" */;
			buildPhases = (
				6B84B2111B83138400A68430 /* Sources */,
				6B84B2121B83138400A68430 /* Frameworks */,
				6B84B2131B83138400A68430 /* Resources */,
			);
			buildRules = (
			);
			dependencies = (
			);
			name = "UIView的使用";
			productName = "UIView的使用";
			productReference = 6B84B2151B83138400A68430 /* UIView的使用.app */;
			productType = "com.apple.product-type.application";
		};
		6B84B2291B83138500A68430 /* UIView的使用Tests */ = {
			isa = PBXNativeTarget;
			buildConfigurationList = 6B84B2371B83138500A68430 /* Build configuration list for PBXNativeTarget "UIView的使用Tests" */;
			buildPhases = (
				6B84B2261B83138500A68430 /* Sources */,
				6B84B2271B83138500A68430 /* Frameworks */,
				6B84B2281B83138500A68430 /* Resources */,
			);
			buildRules = (
			);
			dependencies = (
				6B84B22C1B83138500A68430 /* PBXTargetDependency */,
			);
			name = "UIView的使用Tests";
			productName = "UIView的使用Tests";
			productReference = 6B84B22A1B83138500A68430 /* UIView的使用Tests.xctest */;
			productType = "com.apple.product-type.bundle.unit-test";
		};
/* End PBXNativeTarget section */

/* Begin PBXProject section */
		6B84B20D1B83138400A68430 /* Project object */ = {
			isa = PBXProject;
			attributes = {
				LastUpgradeCheck = 0640;
				ORGANIZATIONNAME = Terry;
				TargetAttributes = {
					6B84B2141B83138400A68430 = {
						CreatedOnToolsVersion = 6.4;
					};
					6B84B2291B83138500A68430 = {
						CreatedOnToolsVersion = 6.4;
						TestTargetID = 6B84B2141B83138400A68430;
					};
				};
			};
			buildConfigurationList = 6B84B2101B83138400A68430 /* Build configuration list for PBXProject "UIView的使用" */;
			compatibilityVersion = "Xcode 3.2";
			developmentRegion = English;
			hasScannedForEncodings = 0;
			knownRegions = (
				en,
				Base,
			);
			mainGroup = 6B84B20C1B83138400A68430;
			productRefGroup = 6B84B2161B83138400A68430 /* Products */;
			projectDirPath = "";
			projectRoot = "";
			targets = (
				6B84B2141B83138400A68430 /* UIView的使用 */,
				6B84B2291B83138500A68430 /* UIView的使用Tests */,
			);
		};
/* End PBXProject section */

/* Begin PBXResourcesBuildPhase section */
		6B84B2131B83138400A68430 /* Resources */ = {
			isa = PBXResourcesBuildPhase;
			buildActionMask = 2147483647;
			files = (
				6B84B2201B83138400A68430 /* Main.storyboard in Resources */,
				6B84B2251B83138400A68430 /* LaunchScreen.xib in Resources */,
				6B84B2221B83138400A68430 /* Images.xcassets in Resources */,
				6B84B23B1B83208000A68430 /* nomal.png in Resources */,
			);
			runOnlyForDeploymentPostprocessing = 0;
		};
		6B84B2281B83138500A68430 /* Resources */ = {
			isa = PBXResourcesBuildPhase;
			buildActionMask = 2147483647;
			files = (
			);
			runOnlyForDeploymentPostprocessing = 0;
		};
/* End PBXResourcesBuildPhase section */

/* Begin PBXSourcesBuildPhase section */
		6B84B2111B83138400A68430 /* Sources */ = {
			isa = PBXSourcesBuildPhase;
			buildActionMask = 2147483647;
			files = (
				6B84B21D1B83138400A68430 /* ViewController.swift in Sources */,
				6B84B21B1B83138400A68430 /* AppDelegate.swift in Sources */,
			);
			runOnlyForDeploymentPostprocessing = 0;
		};
		6B84B2261B83138500A68430 /* Sources */ = {
			isa = PBXSourcesBuildPhase;
			buildActionMask = 2147483647;
			files = (
				6B84B2311B83138500A68430 /* UIView___Tests.swift in Sources */,
			);
			runOnlyForDeploymentPostprocessing = 0;
		};
/* End PBXSourcesBuildPhase section */

/* Begin PBXTargetDependency section */
		6B84B22C1B83138500A68430 /* PBXTargetDependency */ = {
			isa = PBXTargetDependency;
			target = 6B84B2141B83138400A68430 /* UIView的使用 */;
			targetProxy = 6B84B22B1B83138500A68430 /* PBXContainerItemProxy */;
		};
/* End PBXTargetDependency section */

/* Begin PBXVariantGroup section */
		6B84B21E1B83138400A68430 /* Main.storyboard */ = {
			isa = PBXVariantGroup;
			children = (
				6B84B21F1B83138400A68430 /* Base */,
			);
			name = Main.storyboard;
			sourceTree = "<group>";
		};
		6B84B2231B83138400A68430 /* LaunchScreen.xib */ = {
			isa = PBXVariantGroup;
			children = (
				6B84B2241B83138400A68430 /* Base */,
			);
			name = LaunchScreen.xib;
			sourceTree = "<group>";
		};
/* End PBXVariantGroup section */

/* Begin XCBuildConfiguration section */
		6B84B2321B83138500A68430 /* Debug */ = {
			isa = XCBuildConfiguration;
			buildSettings = {
				ALWAYS_SEARCH_USER_PATHS = NO;
				CLANG_CXX_LANGUAGE_STANDARD = "gnu++0x";
				CLANG_CXX_LIBRARY = "libc++";
				CLANG_ENABLE_MODULES = YES;
				CLANG_ENABLE_OBJC_ARC = YES;
				CLANG_WARN_BOOL_CONVERSION = YES;
				CLANG_WARN_CONSTANT_CONVERSION = YES;
				CLANG_WARN_DIRECT_OBJC_ISA_USAGE = YES_ERROR;
				CLANG_WARN_EMPTY_BODY = YES;
				CLANG_WARN_ENUM_CONVERSION = YES;
				CLANG_WARN_INT_CONVERSION = YES;
				CLANG_WARN_OBJC_ROOT_CLASS = YES_ERROR;
				CLANG_WARN_UNREACHABLE_CODE = YES;
				CLANG_WARN__DUPLICATE_METHOD_MATCH = YES;
				"CODE_SIGN_IDENTITY[sdk=iphoneos*]" = "iPhone Developer";
				COPY_PHASE_STRIP = NO;
				DEBUG_INFORMATION_FORMAT = "dwarf-with-dsym";
				ENABLE_STRICT_OBJC_MSGSEND = YES;
				GCC_C_LANGUAGE_STANDARD = gnu99;
				GCC_DYNAMIC_NO_PIC = NO;
				GCC_NO_COMMON_BLOCKS = YES;
				GCC_OPTIMIZATION_LEVEL = 0;
				GCC_PREPROCESSOR_DEFINITIONS = (
					"DEBUG=1",
					"$(inherited)",
				);
				GCC_SYMBOLS_PRIVATE_EXTERN = NO;
				GCC_WARN_64_TO_32_BIT_CONVERSION = YES;
				GCC_WARN_ABOUT_RETURN_TYPE = YES_ERROR;
				GCC_WARN_UNDECLARED_SELECTOR = YES;
				GCC_WARN_UNINITIALIZED_AUTOS = YES_AGGRESSIVE;
				GCC_WARN_UNUSED_FUNCTION = YES;
				GCC_WARN_UNUSED_VARIABLE = YES;
				IPHONEOS_DEPLOYMENT_TARGET = 8.4;
				MTL_ENABLE_DEBUG_INFO = YES;
				ONLY_ACTIVE_ARCH = YES;
				SDKROOT = iphoneos;
				SWIFT_OPTIMIZATION_LEVEL = "-Onone";
				TARGETED_DEVICE_FAMILY = "1,2";
			};
			name = Debug;
		};
		6B84B2331B83138500A68430 /* Release */ = {
			isa = XCBuildConfiguration;
			buildSettings = {
				ALWAYS_SEARCH_USER_PATHS = NO;
				CLANG_CXX_LANGUAGE_STANDARD = "gnu++0x";
				CLANG_CXX_LIBRARY = "libc++";
				CLANG_ENABLE_MODULES = YES;
				CLANG_ENABLE_OBJC_ARC = YES;
				CLANG_WARN_BOOL_CONVERSION = YES;
				CLANG_WARN_CONSTANT_CONVERSION = YES;
				CLANG_WARN_DIRECT_OBJC_ISA_USAGE = YES_ERROR;
				CLANG_WARN_EMPTY_BODY = YES;
				CLANG_WARN_ENUM_CONVERSION = YES;
				CLANG_WARN_INT_CONVERSION = YES;
				CLANG_WARN_OBJC_ROOT_CLASS = YES_ERROR;
				CLANG_WARN_UNREACHABLE_CODE = YES;
				CLANG_WARN__DUPLICATE_METHOD_MATCH = YES;
				"CODE_SIGN_IDENTITY[sdk=iphoneos*]" = "iPhone Developer";
				COPY_PHASE_STRIP = NO;
				DEBUG_INFORMATION_FORMAT = "dwarf-with-dsym";
				ENABLE_NS_ASSERTIONS = NO;
				ENABLE_STRICT_OBJC_MSGSEND = YES;
				GCC_C_LANGUAGE_STANDARD = gnu99;
				GCC_NO_COMMON_BLOCKS = YES;
				GCC_WARN_64_TO_32_BIT_CONVERSION = YES;
				GCC_WARN_ABOUT_RETURN_TYPE = YES_ERROR;
				GCC_WARN_UNDECLARED_SELECTOR = YES;
				GCC_WARN_UNINITIALIZED_AUTOS = YES_AGGRESSIVE;
				GCC_WARN_UNUSED_FUNCTION = YES;
				GCC_WARN_UNUSED_VARIABLE = YES;
				IPHONEOS_DEPLOYMENT_TARGET = 8.4;
				MTL_ENABLE_DEBUG_INFO = NO;
				SDKROOT = iphoneos;
				TARGETED_DEVICE_FAMILY = "1,2";
				VALIDATE_PRODUCT = YES;
			};
			name = Release;
		};
		6B84B2351B83138500A68430 /* Debug */ = {
			isa = XCBuildConfiguration;
			buildSettings = {
				ASSETCATALOG_COMPILER_APPICON_NAME = AppIcon;
				INFOPLIST_FILE = "UIView的使用/Info.plist";
				LD_RUNPATH_SEARCH_PATHS = "$(inherited) @executable_path/Frameworks";
				PRODUCT_NAME = "$(TARGET_NAME)";
			};
			name = Debug;
		};
		6B84B2361B83138500A68430 /* Release */ = {
			isa = XCBuildConfiguration;
			buildSettings = {
				ASSETCATALOG_COMPILER_APPICON_NAME = AppIcon;
				INFOPLIST_FILE = "UIView的使用/Info.plist";
				LD_RUNPATH_SEARCH_PATHS = "$(inherited) @executable_path/Frameworks";
				PRODUCT_NAME = "$(TARGET_NAME)";
			};
			name = Release;
		};
		6B84B2381B83138500A68430 /* Debug */ = {
			isa = XCBuildConfiguration;
			buildSettings = {
				BUNDLE_LOADER = "$(TEST_HOST)";
				FRAMEWORK_SEARCH_PATHS = (
					"$(SDKROOT)/Developer/Library/Frameworks",
					"$(inherited)",
				);
				GCC_PREPROCESSOR_DEFINITIONS = (
					"DEBUG=1",
					"$(inherited)",
				);
				INFOPLIST_FILE = "UIView的使用Tests/Info.plist";
				LD_RUNPATH_SEARCH_PATHS = "$(inherited) @executable_path/Frameworks @loader_path/Frameworks";
				PRODUCT_NAME = "$(TARGET_NAME)";
				TEST_HOST = "$(BUILT_PRODUCTS_DIR)/UIView的使用.app/UIView的使用";
			};
			name = Debug;
		};
		6B84B2391B83138500A68430 /* Release */ = {
			isa = XCBuildConfiguration;
			buildSettings = {
				BUNDLE_LOADER = "$(TEST_HOST)";
				FRAMEWORK_SEARCH_PATHS = (
					"$(SDKROOT)/Developer/Library/Frameworks",
					"$(inherited)",
				);
				INFOPLIST_FILE = "UIView的使用Tests/Info.plist";
				LD_RUNPATH_SEARCH_PATHS = "$(inherited) @executable_path/Frameworks @loader_path/Frameworks";
				PRODUCT_NAME = "$(TARGET_NAME)";
				TEST_HOST = "$(BUILT_PRODUCTS_DIR)/UIView的使用.app/UIView的使用";
			};
			name = Release;
		};
/* End XCBuildConfiguration section */

/* Begin XCConfigurationList section */
		6B84B2101B83138400A68430 /* Build configuration list for PBXProject "UIView的使用" */ = {
			isa = XCConfigurationList;
			buildConfigurations = (
				6B84B2321B83138500A68430 /* Debug */,
				6B84B2331B83138500A68430 /* Release */,
			);
			defaultConfigurationIsVisible = 0;
			defaultConfigurationName = Release;
		};
		6B84B2341B83138500A68430 /* Build configuration list for PBXNativeTarget "UIView的使用" */ = {
			isa = XCConfigurationList;
			buildConfigurations = (
				6B84B2351B83138500A68430 /* Debug */,
				6B84B2361B83138500A68430 /* Release */,
			);
			defaultConfigurationIsVisible = 0;
		};
		6B84B2371B83138500A68430 /* Build configuration list for PBXNativeTarget "UIView的使用Tests" */ = {
			isa = XCConfigurationList;
			buildConfigurations = (
				6B84B2381B83138500A68430 /* Debug */,
				6B84B2391B83138500A68430 /* Release */,
			);
			defaultConfigurationIsVisible = 0;
		};
/* End XCConfigurationList section */
	};
	rootObject = 6B84B20D1B83138400A68430 /* Project object */;
}
