// !$*UTF8*$!
{
	archiveVersion = 1;
	classes = {
	};
	objectVersion = 46;
	objects = {

/* Begin PBXBuildFile section */
		6B09EB2E1B8C12E000A74E7A /* AppDelegate.swift in Sources */ = {isa = PBXBuildFile; fileRef = 6B09EB2D1B8C12E000A74E7A /* AppDelegate.swift */; };
		6B09EB301B8C12E000A74E7A /* ViewController.swift in Sources */ = {isa = PBXBuildFile; fileRef = 6B09EB2F1B8C12E000A74E7A /* ViewController.swift */; };
		6B09EB331B8C12E000A74E7A /* Main.storyboard in Resources */ = {isa = PBXBuildFile; fileRef = 6B09EB311B8C12E000A74E7A /* Main.storyboard */; };
		6B09EB351B8C12E000A74E7A /* Images.xcassets in Resources */ = {isa = PBXBuildFile; fileRef = 6B09EB341B8C12E000A74E7A /* Images.xcassets */; };
		6B09EB381B8C12E000A74E7A /* LaunchScreen.xib in Resources */ = {isa = PBXBuildFile; fileRef = 6B09EB361B8C12E000A74E7A /* LaunchScreen.xib */; };
		6B09EB441B8C12E000A74E7A /* ParseJsonTests.swift in Sources */ = {isa = PBXBuildFile; fileRef = 6B09EB431B8C12E000A74E7A /* ParseJsonTests.swift */; };
/* End PBXBuildFile section */

/* Begin PBXContainerItemProxy section */
		6B09EB3E1B8C12E000A74E7A /* PBXContainerItemProxy */ = {
			isa = PBXContainerItemProxy;
			containerPortal = 6B09EB201B8C12E000A74E7A /* Project object */;
			proxyType = 1;
			remoteGlobalIDString = 6B09EB271B8C12E000A74E7A;
			remoteInfo = ParseJson;
		};
/* End PBXContainerItemProxy section */

/* Begin PBXFileReference section */
		6B09EB281B8C12E000A74E7A /* ParseJson.app */ = {isa = PBXFileReference; explicitFileType = wrapper.application; includeInIndex = 0; path = ParseJson.app; sourceTree = BUILT_PRODUCTS_DIR; };
		6B09EB2C1B8C12E000A74E7A /* Info.plist */ = {isa = PBXFileReference; lastKnownFileType = text.plist.xml; path = Info.plist; sourceTree = "<group>"; };
		6B09EB2D1B8C12E000A74E7A /* AppDelegate.swift */ = {isa = PBXFileReference; lastKnownFileType = sourcecode.swift; path = AppDelegate.swift; sourceTree = "<group>"; };
		6B09EB2F1B8C12E000A74E7A /* ViewController.swift */ = {isa = PBXFileReference; lastKnownFileType = sourcecode.swift; path = ViewController.swift; sourceTree = "<group>"; };
		6B09EB321B8C12E000A74E7A /* Base */ = {isa = PBXFileReference; lastKnownFileType = file.storyboard; name = Base; path = Base.lproj/Main.storyboard; sourceTree = "<group>"; };
		6B09EB341B8C12E000A74E7A /* Images.xcassets */ = {isa = PBXFileReference; lastKnownFileType = folder.assetcatalog; path = Images.xcassets; sourceTree = "<group>"; };
		6B09EB371B8C12E000A74E7A /* Base */ = {isa = PBXFileReference; lastKnownFileType = file.xib; name = Base; path = Base.lproj/LaunchScreen.xib; sourceTree = "<group>"; };
		6B09EB3D1B8C12E000A74E7A /* ParseJsonTests.xctest */ = {isa = PBXFileReference; explicitFileType = wrapper.cfbundle; includeInIndex = 0; path = ParseJsonTests.xctest; sourceTree = BUILT_PRODUCTS_DIR; };
		6B09EB421B8C12E000A74E7A /* Info.plist */ = {isa = PBXFileReference; lastKnownFileType = text.plist.xml; path = Info.plist; sourceTree = "<group>"; };
		6B09EB431B8C12E000A74E7A /* ParseJsonTests.swift */ = {isa = PBXFileReference; lastKnownFileType = sourcecode.swift; path = ParseJsonTests.swift; sourceTree = "<group>"; };
/* End PBXFileReference section */

/* Begin PBXFrameworksBuildPhase section */
		6B09EB251B8C12E000A74E7A /* Frameworks */ = {
			isa = PBXFrameworksBuildPhase;
			buildActionMask = 2147483647;
			files = (
			);
			runOnlyForDeploymentPostprocessing = 0;
		};
		6B09EB3A1B8C12E000A74E7A /* Frameworks */ = {
			isa = PBXFrameworksBuildPhase;
			buildActionMask = 2147483647;
			files = (
			);
			runOnlyForDeploymentPostprocessing = 0;
		};
/* End PBXFrameworksBuildPhase section */

/* Begin PBXGroup section */
		6B09EB1F1B8C12E000A74E7A = {
			isa = PBXGroup;
			children = (
				6B09EB2A1B8C12E000A74E7A /* ParseJson */,
				6B09EB401B8C12E000A74E7A /* ParseJsonTests */,
				6B09EB291B8C12E000A74E7A /* Products */,
			);
			sourceTree = "<group>";
		};
		6B09EB291B8C12E000A74E7A /* Products */ = {
			isa = PBXGroup;
			children = (
				6B09EB281B8C12E000A74E7A /* ParseJson.app */,
				6B09EB3D1B8C12E000A74E7A /* ParseJsonTests.xctest */,
			);
			name = Products;
			sourceTree = "<group>";
		};
		6B09EB2A1B8C12E000A74E7A /* ParseJson */ = {
			isa = PBXGroup;
			children = (
				6B09EB2D1B8C12E000A74E7A /* AppDelegate.swift */,
				6B09EB2F1B8C12E000A74E7A /* ViewController.swift */,
				6B09EB311B8C12E000A74E7A /* Main.storyboard */,
				6B09EB341B8C12E000A74E7A /* Images.xcassets */,
				6B09EB361B8C12E000A74E7A /* LaunchScreen.xib */,
				6B09EB2B1B8C12E000A74E7A /* Supporting Files */,
			);
			path = ParseJson;
			sourceTree = "<group>";
		};
		6B09EB2B1B8C12E000A74E7A /* Supporting Files */ = {
			isa = PBXGroup;
			children = (
				6B09EB2C1B8C12E000A74E7A /* Info.plist */,
			);
			name = "Supporting Files";
			sourceTree = "<group>";
		};
		6B09EB401B8C12E000A74E7A /* ParseJsonTests */ = {
			isa = PBXGroup;
			children = (
				6B09EB431B8C12E000A74E7A /* ParseJsonTests.swift */,
				6B09EB411B8C12E000A74E7A /* Supporting Files */,
			);
			path = ParseJsonTests;
			sourceTree = "<group>";
		};
		6B09EB411B8C12E000A74E7A /* Supporting Files */ = {
			isa = PBXGroup;
			children = (
				6B09EB421B8C12E000A74E7A /* Info.plist */,
			);
			name = "Supporting Files";
			sourceTree = "<group>";
		};
/* End PBXGroup section */

/* Begin PBXNativeTarget section */
		6B09EB271B8C12E000A74E7A /* ParseJson */ = {
			isa = PBXNativeTarget;
			buildConfigurationList = 6B09EB471B8C12E000A74E7A /* Build configuration list for PBXNativeTarget "ParseJson" */;
			buildPhases = (
				6B09EB241B8C12E000A74E7A /* Sources */,
				6B09EB251B8C12E000A74E7A /* Frameworks */,
				6B09EB261B8C12E000A74E7A /* Resources */,
			);
			buildRules = (
			);
			dependencies = (
			);
			name = ParseJson;
			productName = ParseJson;
			productReference = 6B09EB281B8C12E000A74E7A /* ParseJson.app */;
			productType = "com.apple.product-type.application";
		};
		6B09EB3C1B8C12E000A74E7A /* ParseJsonTests */ = {
			isa = PBXNativeTarget;
			buildConfigurationList = 6B09EB4A1B8C12E000A74E7A /* Build configuration list for PBXNativeTarget "ParseJsonTests" */;
			buildPhases = (
				6B09EB391B8C12E000A74E7A /* Sources */,
				6B09EB3A1B8C12E000A74E7A /* Frameworks */,
				6B09EB3B1B8C12E000A74E7A /* Resources */,
			);
			buildRules = (
			);
			dependencies = (
				6B09EB3F1B8C12E000A74E7A /* PBXTargetDependency */,
			);
			name = ParseJsonTests;
			productName = ParseJsonTests;
			productReference = 6B09EB3D1B8C12E000A74E7A /* ParseJsonTests.xctest */;
			productType = "com.apple.product-type.bundle.unit-test";
		};
/* End PBXNativeTarget section */

/* Begin PBXProject section */
		6B09EB201B8C12E000A74E7A /* Project object */ = {
			isa = PBXProject;
			attributes = {
				LastUpgradeCheck = 0640;
				ORGANIZATIONNAME = Terry;
				TargetAttributes = {
					6B09EB271B8C12E000A74E7A = {
						CreatedOnToolsVersion = 6.4;
					};
					6B09EB3C1B8C12E000A74E7A = {
						CreatedOnToolsVersion = 6.4;
						TestTargetID = 6B09EB271B8C12E000A74E7A;
					};
				};
			};
			buildConfigurationList = 6B09EB231B8C12E000A74E7A /* Build configuration list for PBXProject "ParseJson" */;
			compatibilityVersion = "Xcode 3.2";
			developmentRegion = English;
			hasScannedForEncodings = 0;
			knownRegions = (
				en,
				Base,
			);
			mainGroup = 6B09EB1F1B8C12E000A74E7A;
			productRefGroup = 6B09EB291B8C12E000A74E7A /* Products */;
			projectDirPath = "";
			projectRoot = "";
			targets = (
				6B09EB271B8C12E000A74E7A /* ParseJson */,
				6B09EB3C1B8C12E000A74E7A /* ParseJsonTests */,
			);
		};
/* End PBXProject section */

/* Begin PBXResourcesBuildPhase section */
		6B09EB261B8C12E000A74E7A /* Resources */ = {
			isa = PBXResourcesBuildPhase;
			buildActionMask = 2147483647;
			files = (
				6B09EB331B8C12E000A74E7A /* Main.storyboard in Resources */,
				6B09EB381B8C12E000A74E7A /* LaunchScreen.xib in Resources */,
				6B09EB351B8C12E000A74E7A /* Images.xcassets in Resources */,
			);
			runOnlyForDeploymentPostprocessing = 0;
		};
		6B09EB3B1B8C12E000A74E7A /* Resources */ = {
			isa = PBXResourcesBuildPhase;
			buildActionMask = 2147483647;
			files = (
			);
			runOnlyForDeploymentPostprocessing = 0;
		};
/* End PBXResourcesBuildPhase section */

/* Begin PBXSourcesBuildPhase section */
		6B09EB241B8C12E000A74E7A /* Sources */ = {
			isa = PBXSourcesBuildPhase;
			buildActionMask = 2147483647;
			files = (
				6B09EB301B8C12E000A74E7A /* ViewController.swift in Sources */,
				6B09EB2E1B8C12E000A74E7A /* AppDelegate.swift in Sources */,
			);
			runOnlyForDeploymentPostprocessing = 0;
		};
		6B09EB391B8C12E000A74E7A /* Sources */ = {
			isa = PBXSourcesBuildPhase;
			buildActionMask = 2147483647;
			files = (
				6B09EB441B8C12E000A74E7A /* ParseJsonTests.swift in Sources */,
			);
			runOnlyForDeploymentPostprocessing = 0;
		};
/* End PBXSourcesBuildPhase section */

/* Begin PBXTargetDependency section */
		6B09EB3F1B8C12E000A74E7A /* PBXTargetDependency */ = {
			isa = PBXTargetDependency;
			target = 6B09EB271B8C12E000A74E7A /* ParseJson */;
			targetProxy = 6B09EB3E1B8C12E000A74E7A /* PBXContainerItemProxy */;
		};
/* End PBXTargetDependency section */

/* Begin PBXVariantGroup section */
		6B09EB311B8C12E000A74E7A /* Main.storyboard */ = {
			isa = PBXVariantGroup;
			children = (
				6B09EB321B8C12E000A74E7A /* Base */,
			);
			name = Main.storyboard;
			sourceTree = "<group>";
		};
		6B09EB361B8C12E000A74E7A /* LaunchScreen.xib */ = {
			isa = PBXVariantGroup;
			children = (
				6B09EB371B8C12E000A74E7A /* Base */,
			);
			name = LaunchScreen.xib;
			sourceTree = "<group>";
		};
/* End PBXVariantGroup section */

/* Begin XCBuildConfiguration section */
		6B09EB451B8C12E000A74E7A /* Debug */ = {
			isa = XCBuildConfiguration;
			buildSettings = {
				ALWAYS_SEARCH_USER_PATHS = NO;
				CLANG_CXX_LANGUAGE_STANDARD = "gnu++0x";
				CLANG_CXX_LIBRARY = "libc++";
				CLANG_ENABLE_MODULES = YES;
				CLANG_ENABLE_OBJC_ARC = YES;
				CLANG_WARN_BOOL_CONVERSION = YES;
				CLANG_WARN_CONSTANT_CONVERSION = YES;
				CLANG_WARN_DIRECT_OBJC_ISA_USAGE = YES_ERROR;
				CLANG_WARN_EMPTY_BODY = YES;
				CLANG_WARN_ENUM_CONVERSION = YES;
				CLANG_WARN_INT_CONVERSION = YES;
				CLANG_WARN_OBJC_ROOT_CLASS = YES_ERROR;
				CLANG_WARN_UNREACHABLE_CODE = YES;
				CLANG_WARN__DUPLICATE_METHOD_MATCH = YES;
				"CODE_SIGN_IDENTITY[sdk=iphoneos*]" = "iPhone Developer";
				COPY_PHASE_STRIP = NO;
				DEBUG_INFORMATION_FORMAT = "dwarf-with-dsym";
				ENABLE_STRICT_OBJC_MSGSEND = YES;
				GCC_C_LANGUAGE_STANDARD = gnu99;
				GCC_DYNAMIC_NO_PIC = NO;
				GCC_NO_COMMON_BLOCKS = YES;
				GCC_OPTIMIZATION_LEVEL = 0;
				GCC_PREPROCESSOR_DEFINITIONS = (
					"DEBUG=1",
					"$(inherited)",
				);
				GCC_SYMBOLS_PRIVATE_EXTERN = NO;
				GCC_WARN_64_TO_32_BIT_CONVERSION = YES;
				GCC_WARN_ABOUT_RETURN_TYPE = YES_ERROR;
				GCC_WARN_UNDECLARED_SELECTOR = YES;
				GCC_WARN_UNINITIALIZED_AUTOS = YES_AGGRESSIVE;
				GCC_WARN_UNUSED_FUNCTION = YES;
				GCC_WARN_UNUSED_VARIABLE = YES;
				IPHONEOS_DEPLOYMENT_TARGET = 8.4;
				MTL_ENABLE_DEBUG_INFO = YES;
				ONLY_ACTIVE_ARCH = YES;
				SDKROOT = iphoneos;
				SWIFT_OPTIMIZATION_LEVEL = "-Onone";
				TARGETED_DEVICE_FAMILY = "1,2";
			};
			name = Debug;
		};
		6B09EB461B8C12E000A74E7A /* Release */ = {
			isa = XCBuildConfiguration;
			buildSettings = {
				ALWAYS_SEARCH_USER_PATHS = NO;
				CLANG_CXX_LANGUAGE_STANDARD = "gnu++0x";
				CLANG_CXX_LIBRARY = "libc++";
				CLANG_ENABLE_MODULES = YES;
				CLANG_ENABLE_OBJC_ARC = YES;
				CLANG_WARN_BOOL_CONVERSION = YES;
				CLANG_WARN_CONSTANT_CONVERSION = YES;
				CLANG_WARN_DIRECT_OBJC_ISA_USAGE = YES_ERROR;
				CLANG_WARN_EMPTY_BODY = YES;
				CLANG_WARN_ENUM_CONVERSION = YES;
				CLANG_WARN_INT_CONVERSION = YES;
				CLANG_WARN_OBJC_ROOT_CLASS = YES_ERROR;
				CLANG_WARN_UNREACHABLE_CODE = YES;
				CLANG_WARN__DUPLICATE_METHOD_MATCH = YES;
				"CODE_SIGN_IDENTITY[sdk=iphoneos*]" = "iPhone Developer";
				COPY_PHASE_STRIP = NO;
				DEBUG_INFORMATION_FORMAT = "dwarf-with-dsym";
				ENABLE_NS_ASSERTIONS = NO;
				ENABLE_STRICT_OBJC_MSGSEND = YES;
				GCC_C_LANGUAGE_STANDARD = gnu99;
				GCC_NO_COMMON_BLOCKS = YES;
				GCC_WARN_64_TO_32_BIT_CONVERSION = YES;
				GCC_WARN_ABOUT_RETURN_TYPE = YES_ERROR;
				GCC_WARN_UNDECLARED_SELECTOR = YES;
				GCC_WARN_UNINITIALIZED_AUTOS = YES_AGGRESSIVE;
				GCC_WARN_UNUSED_FUNCTION = YES;
				GCC_WARN_UNUSED_VARIABLE = YES;
				IPHONEOS_DEPLOYMENT_TARGET = 8.4;
				MTL_ENABLE_DEBUG_INFO = NO;
				SDKROOT = iphoneos;
				TARGETED_DEVICE_FAMILY = "1,2";
				VALIDATE_PRODUCT = YES;
			};
			name = Release;
		};
		6B09EB481B8C12E000A74E7A /* Debug */ = {
			isa = XCBuildConfiguration;
			buildSettings = {
				ASSETCATALOG_COMPILER_APPICON_NAME = AppIcon;
				INFOPLIST_FILE = ParseJson/Info.plist;
				LD_RUNPATH_SEARCH_PATHS = "$(inherited) @executable_path/Frameworks";
				PRODUCT_NAME = "$(TARGET_NAME)";
			};
			name = Debug;
		};
		6B09EB491B8C12E000A74E7A /* Release */ = {
			isa = XCBuildConfiguration;
			buildSettings = {
				ASSETCATALOG_COMPILER_APPICON_NAME = AppIcon;
				INFOPLIST_FILE = ParseJson/Info.plist;
				LD_RUNPATH_SEARCH_PATHS = "$(inherited) @executable_path/Frameworks";
				PRODUCT_NAME = "$(TARGET_NAME)";
			};
			name = Release;
		};
		6B09EB4B1B8C12E000A74E7A /* Debug */ = {
			isa = XCBuildConfiguration;
			buildSettings = {
				BUNDLE_LOADER = "$(TEST_HOST)";
				FRAMEWORK_SEARCH_PATHS = (
					"$(SDKROOT)/Developer/Library/Frameworks",
					"$(inherited)",
				);
				GCC_PREPROCESSOR_DEFINITIONS = (
					"DEBUG=1",
					"$(inherited)",
				);
				INFOPLIST_FILE = ParseJsonTests/Info.plist;
				LD_RUNPATH_SEARCH_PATHS = "$(inherited) @executable_path/Frameworks @loader_path/Frameworks";
				PRODUCT_NAME = "$(TARGET_NAME)";
				TEST_HOST = "$(BUILT_PRODUCTS_DIR)/ParseJson.app/ParseJson";
			};
			name = Debug;
		};
		6B09EB4C1B8C12E000A74E7A /* Release */ = {
			isa = XCBuildConfiguration;
			buildSettings = {
				BUNDLE_LOADER = "$(TEST_HOST)";
				FRAMEWORK_SEARCH_PATHS = (
					"$(SDKROOT)/Developer/Library/Frameworks",
					"$(inherited)",
				);
				INFOPLIST_FILE = ParseJsonTests/Info.plist;
				LD_RUNPATH_SEARCH_PATHS = "$(inherited) @executable_path/Frameworks @loader_path/Frameworks";
				PRODUCT_NAME = "$(TARGET_NAME)";
				TEST_HOST = "$(BUILT_PRODUCTS_DIR)/ParseJson.app/ParseJson";
			};
			name = Release;
		};
/* End XCBuildConfiguration section */

/* Begin XCConfigurationList section */
		6B09EB231B8C12E000A74E7A /* Build configuration list for PBXProject "ParseJson" */ = {
			isa = XCConfigurationList;
			buildConfigurations = (
				6B09EB451B8C12E000A74E7A /* Debug */,
				6B09EB461B8C12E000A74E7A /* Release */,
			);
			defaultConfigurationIsVisible = 0;
			defaultConfigurationName = Release;
		};
		6B09EB471B8C12E000A74E7A /* Build configuration list for PBXNativeTarget "ParseJson" */ = {
			isa = XCConfigurationList;
			buildConfigurations = (
				6B09EB481B8C12E000A74E7A /* Debug */,
				6B09EB491B8C12E000A74E7A /* Release */,
			);
			defaultConfigurationIsVisible = 0;
		};
		6B09EB4A1B8C12E000A74E7A /* Build configuration list for PBXNativeTarget "ParseJsonTests" */ = {
			isa = XCConfigurationList;
			buildConfigurations = (
				6B09EB4B1B8C12E000A74E7A /* Debug */,
				6B09EB4C1B8C12E000A74E7A /* Release */,
			);
			defaultConfigurationIsVisible = 0;
		};
/* End XCConfigurationList section */
	};
	rootObject = 6B09EB201B8C12E000A74E7A /* Project object */;
}
