// !$*UTF8*$!
{
	archiveVersion = 1;
	classes = {
	};
	objectVersion = 46;
	objects = {

/* Begin PBXBuildFile section */
		6BB56E1D1B86BE020055D7E7 /* AppDelegate.swift in Sources */ = {isa = PBXBuildFile; fileRef = 6BB56E1C1B86BE020055D7E7 /* AppDelegate.swift */; };
		6BB56E1F1B86BE020055D7E7 /* ViewController.swift in Sources */ = {isa = PBXBuildFile; fileRef = 6BB56E1E1B86BE020055D7E7 /* ViewController.swift */; };
		6BB56E221B86BE020055D7E7 /* Main.storyboard in Resources */ = {isa = PBXBuildFile; fileRef = 6BB56E201B86BE020055D7E7 /* Main.storyboard */; };
		6BB56E241B86BE020055D7E7 /* Images.xcassets in Resources */ = {isa = PBXBuildFile; fileRef = 6BB56E231B86BE020055D7E7 /* Images.xcassets */; };
		6BB56E271B86BE020055D7E7 /* LaunchScreen.xib in Resources */ = {isa = PBXBuildFile; fileRef = 6BB56E251B86BE020055D7E7 /* LaunchScreen.xib */; };
		6BB56E331B86BE030055D7E7 /* SingletonTests.swift in Sources */ = {isa = PBXBuildFile; fileRef = 6BB56E321B86BE030055D7E7 /* SingletonTests.swift */; };
		6BB56E3D1B86BE790055D7E7 /* SecondViewController.swift in Sources */ = {isa = PBXBuildFile; fileRef = 6BB56E3C1B86BE790055D7E7 /* SecondViewController.swift */; };
		6BB56E3F1B86C5690055D7E7 /* ShareInstanse.swift in Sources */ = {isa = PBXBuildFile; fileRef = 6BB56E3E1B86C5690055D7E7 /* ShareInstanse.swift */; };
/* End PBXBuildFile section */

/* Begin PBXContainerItemProxy section */
		6BB56E2D1B86BE030055D7E7 /* PBXContainerItemProxy */ = {
			isa = PBXContainerItemProxy;
			containerPortal = 6BB56E0F1B86BE020055D7E7 /* Project object */;
			proxyType = 1;
			remoteGlobalIDString = 6BB56E161B86BE020055D7E7;
			remoteInfo = Singleton;
		};
/* End PBXContainerItemProxy section */

/* Begin PBXFileReference section */
		6BB56E171B86BE020055D7E7 /* Singleton.app */ = {isa = PBXFileReference; explicitFileType = wrapper.application; includeInIndex = 0; path = Singleton.app; sourceTree = BUILT_PRODUCTS_DIR; };
		6BB56E1B1B86BE020055D7E7 /* Info.plist */ = {isa = PBXFileReference; lastKnownFileType = text.plist.xml; path = Info.plist; sourceTree = "<group>"; };
		6BB56E1C1B86BE020055D7E7 /* AppDelegate.swift */ = {isa = PBXFileReference; lastKnownFileType = sourcecode.swift; path = AppDelegate.swift; sourceTree = "<group>"; };
		6BB56E1E1B86BE020055D7E7 /* ViewController.swift */ = {isa = PBXFileReference; lastKnownFileType = sourcecode.swift; path = ViewController.swift; sourceTree = "<group>"; };
		6BB56E211B86BE020055D7E7 /* Base */ = {isa = PBXFileReference; lastKnownFileType = file.storyboard; name = Base; path = Base.lproj/Main.storyboard; sourceTree = "<group>"; };
		6BB56E231B86BE020055D7E7 /* Images.xcassets */ = {isa = PBXFileReference; lastKnownFileType = folder.assetcatalog; path = Images.xcassets; sourceTree = "<group>"; };
		6BB56E261B86BE020055D7E7 /* Base */ = {isa = PBXFileReference; lastKnownFileType = file.xib; name = Base; path = Base.lproj/LaunchScreen.xib; sourceTree = "<group>"; };
		6BB56E2C1B86BE030055D7E7 /* SingletonTests.xctest */ = {isa = PBXFileReference; explicitFileType = wrapper.cfbundle; includeInIndex = 0; path = SingletonTests.xctest; sourceTree = BUILT_PRODUCTS_DIR; };
		6BB56E311B86BE030055D7E7 /* Info.plist */ = {isa = PBXFileReference; lastKnownFileType = text.plist.xml; path = Info.plist; sourceTree = "<group>"; };
		6BB56E321B86BE030055D7E7 /* SingletonTests.swift */ = {isa = PBXFileReference; lastKnownFileType = sourcecode.swift; path = SingletonTests.swift; sourceTree = "<group>"; };
		6BB56E3C1B86BE790055D7E7 /* SecondViewController.swift */ = {isa = PBXFileReference; fileEncoding = 4; lastKnownFileType = sourcecode.swift; path = SecondViewController.swift; sourceTree = "<group>"; };
		6BB56E3E1B86C5690055D7E7 /* ShareInstanse.swift */ = {isa = PBXFileReference; fileEncoding = 4; lastKnownFileType = sourcecode.swift; path = ShareInstanse.swift; sourceTree = "<group>"; };
/* End PBXFileReference section */

/* Begin PBXFrameworksBuildPhase section */
		6BB56E141B86BE020055D7E7 /* Frameworks */ = {
			isa = PBXFrameworksBuildPhase;
			buildActionMask = 2147483647;
			files = (
			);
			runOnlyForDeploymentPostprocessing = 0;
		};
		6BB56E291B86BE030055D7E7 /* Frameworks */ = {
			isa = PBXFrameworksBuildPhase;
			buildActionMask = 2147483647;
			files = (
			);
			runOnlyForDeploymentPostprocessing = 0;
		};
/* End PBXFrameworksBuildPhase section */

/* Begin PBXGroup section */
		6BB56E0E1B86BE020055D7E7 = {
			isa = PBXGroup;
			children = (
				6BB56E191B86BE020055D7E7 /* Singleton */,
				6BB56E2F1B86BE030055D7E7 /* SingletonTests */,
				6BB56E181B86BE020055D7E7 /* Products */,
			);
			sourceTree = "<group>";
		};
		6BB56E181B86BE020055D7E7 /* Products */ = {
			isa = PBXGroup;
			children = (
				6BB56E171B86BE020055D7E7 /* Singleton.app */,
				6BB56E2C1B86BE030055D7E7 /* SingletonTests.xctest */,
			);
			name = Products;
			sourceTree = "<group>";
		};
		6BB56E191B86BE020055D7E7 /* Singleton */ = {
			isa = PBXGroup;
			children = (
				6BB56E1C1B86BE020055D7E7 /* AppDelegate.swift */,
				6BB56E1E1B86BE020055D7E7 /* ViewController.swift */,
				6BB56E3C1B86BE790055D7E7 /* SecondViewController.swift */,
				6BB56E3E1B86C5690055D7E7 /* ShareInstanse.swift */,
				6BB56E201B86BE020055D7E7 /* Main.storyboard */,
				6BB56E231B86BE020055D7E7 /* Images.xcassets */,
				6BB56E251B86BE020055D7E7 /* LaunchScreen.xib */,
				6BB56E1A1B86BE020055D7E7 /* Supporting Files */,
			);
			path = Singleton;
			sourceTree = "<group>";
		};
		6BB56E1A1B86BE020055D7E7 /* Supporting Files */ = {
			isa = PBXGroup;
			children = (
				6BB56E1B1B86BE020055D7E7 /* Info.plist */,
			);
			name = "Supporting Files";
			sourceTree = "<group>";
		};
		6BB56E2F1B86BE030055D7E7 /* SingletonTests */ = {
			isa = PBXGroup;
			children = (
				6BB56E321B86BE030055D7E7 /* SingletonTests.swift */,
				6BB56E301B86BE030055D7E7 /* Supporting Files */,
			);
			path = SingletonTests;
			sourceTree = "<group>";
		};
		6BB56E301B86BE030055D7E7 /* Supporting Files */ = {
			isa = PBXGroup;
			children = (
				6BB56E311B86BE030055D7E7 /* Info.plist */,
			);
			name = "Supporting Files";
			sourceTree = "<group>";
		};
/* End PBXGroup section */

/* Begin PBXNativeTarget section */
		6BB56E161B86BE020055D7E7 /* Singleton */ = {
			isa = PBXNativeTarget;
			buildConfigurationList = 6BB56E361B86BE030055D7E7 /* Build configuration list for PBXNativeTarget "Singleton" */;
			buildPhases = (
				6BB56E131B86BE020055D7E7 /* Sources */,
				6BB56E141B86BE020055D7E7 /* Frameworks */,
				6BB56E151B86BE020055D7E7 /* Resources */,
			);
			buildRules = (
			);
			dependencies = (
			);
			name = Singleton;
			productName = Singleton;
			productReference = 6BB56E171B86BE020055D7E7 /* Singleton.app */;
			productType = "com.apple.product-type.application";
		};
		6BB56E2B1B86BE030055D7E7 /* SingletonTests */ = {
			isa = PBXNativeTarget;
			buildConfigurationList = 6BB56E391B86BE030055D7E7 /* Build configuration list for PBXNativeTarget "SingletonTests" */;
			buildPhases = (
				6BB56E281B86BE030055D7E7 /* Sources */,
				6BB56E291B86BE030055D7E7 /* Frameworks */,
				6BB56E2A1B86BE030055D7E7 /* Resources */,
			);
			buildRules = (
			);
			dependencies = (
				6BB56E2E1B86BE030055D7E7 /* PBXTargetDependency */,
			);
			name = SingletonTests;
			productName = SingletonTests;
			productReference = 6BB56E2C1B86BE030055D7E7 /* SingletonTests.xctest */;
			productType = "com.apple.product-type.bundle.unit-test";
		};
/* End PBXNativeTarget section */

/* Begin PBXProject section */
		6BB56E0F1B86BE020055D7E7 /* Project object */ = {
			isa = PBXProject;
			attributes = {
				LastUpgradeCheck = 0640;
				ORGANIZATIONNAME = Terry;
				TargetAttributes = {
					6BB56E161B86BE020055D7E7 = {
						CreatedOnToolsVersion = 6.4;
					};
					6BB56E2B1B86BE030055D7E7 = {
						CreatedOnToolsVersion = 6.4;
						TestTargetID = 6BB56E161B86BE020055D7E7;
					};
				};
			};
			buildConfigurationList = 6BB56E121B86BE020055D7E7 /* Build configuration list for PBXProject "Singleton" */;
			compatibilityVersion = "Xcode 3.2";
			developmentRegion = English;
			hasScannedForEncodings = 0;
			knownRegions = (
				en,
				Base,
			);
			mainGroup = 6BB56E0E1B86BE020055D7E7;
			productRefGroup = 6BB56E181B86BE020055D7E7 /* Products */;
			projectDirPath = "";
			projectRoot = "";
			targets = (
				6BB56E161B86BE020055D7E7 /* Singleton */,
				6BB56E2B1B86BE030055D7E7 /* SingletonTests */,
			);
		};
/* End PBXProject section */

/* Begin PBXResourcesBuildPhase section */
		6BB56E151B86BE020055D7E7 /* Resources */ = {
			isa = PBXResourcesBuildPhase;
			buildActionMask = 2147483647;
			files = (
				6BB56E221B86BE020055D7E7 /* Main.storyboard in Resources */,
				6BB56E271B86BE020055D7E7 /* LaunchScreen.xib in Resources */,
				6BB56E241B86BE020055D7E7 /* Images.xcassets in Resources */,
			);
			runOnlyForDeploymentPostprocessing = 0;
		};
		6BB56E2A1B86BE030055D7E7 /* Resources */ = {
			isa = PBXResourcesBuildPhase;
			buildActionMask = 2147483647;
			files = (
			);
			runOnlyForDeploymentPostprocessing = 0;
		};
/* End PBXResourcesBuildPhase section */

/* Begin PBXSourcesBuildPhase section */
		6BB56E131B86BE020055D7E7 /* Sources */ = {
			isa = PBXSourcesBuildPhase;
			buildActionMask = 2147483647;
			files = (
				6BB56E3D1B86BE790055D7E7 /* SecondViewController.swift in Sources */,
				6BB56E1F1B86BE020055D7E7 /* ViewController.swift in Sources */,
				6BB56E3F1B86C5690055D7E7 /* ShareInstanse.swift in Sources */,
				6BB56E1D1B86BE020055D7E7 /* AppDelegate.swift in Sources */,
			);
			runOnlyForDeploymentPostprocessing = 0;
		};
		6BB56E281B86BE030055D7E7 /* Sources */ = {
			isa = PBXSourcesBuildPhase;
			buildActionMask = 2147483647;
			files = (
				6BB56E331B86BE030055D7E7 /* SingletonTests.swift in Sources */,
			);
			runOnlyForDeploymentPostprocessing = 0;
		};
/* End PBXSourcesBuildPhase section */

/* Begin PBXTargetDependency section */
		6BB56E2E1B86BE030055D7E7 /* PBXTargetDependency */ = {
			isa = PBXTargetDependency;
			target = 6BB56E161B86BE020055D7E7 /* Singleton */;
			targetProxy = 6BB56E2D1B86BE030055D7E7 /* PBXContainerItemProxy */;
		};
/* End PBXTargetDependency section */

/* Begin PBXVariantGroup section */
		6BB56E201B86BE020055D7E7 /* Main.storyboard */ = {
			isa = PBXVariantGroup;
			children = (
				6BB56E211B86BE020055D7E7 /* Base */,
			);
			name = Main.storyboard;
			sourceTree = "<group>";
		};
		6BB56E251B86BE020055D7E7 /* LaunchScreen.xib */ = {
			isa = PBXVariantGroup;
			children = (
				6BB56E261B86BE020055D7E7 /* Base */,
			);
			name = LaunchScreen.xib;
			sourceTree = "<group>";
		};
/* End PBXVariantGroup section */

/* Begin XCBuildConfiguration section */
		6BB56E341B86BE030055D7E7 /* Debug */ = {
			isa = XCBuildConfiguration;
			buildSettings = {
				ALWAYS_SEARCH_USER_PATHS = NO;
				CLANG_CXX_LANGUAGE_STANDARD = "gnu++0x";
				CLANG_CXX_LIBRARY = "libc++";
				CLANG_ENABLE_MODULES = YES;
				CLANG_ENABLE_OBJC_ARC = YES;
				CLANG_WARN_BOOL_CONVERSION = YES;
				CLANG_WARN_CONSTANT_CONVERSION = YES;
				CLANG_WARN_DIRECT_OBJC_ISA_USAGE = YES_ERROR;
				CLANG_WARN_EMPTY_BODY = YES;
				CLANG_WARN_ENUM_CONVERSION = YES;
				CLANG_WARN_INT_CONVERSION = YES;
				CLANG_WARN_OBJC_ROOT_CLASS = YES_ERROR;
				CLANG_WARN_UNREACHABLE_CODE = YES;
				CLANG_WARN__DUPLICATE_METHOD_MATCH = YES;
				"CODE_SIGN_IDENTITY[sdk=iphoneos*]" = "iPhone Developer";
				COPY_PHASE_STRIP = NO;
				DEBUG_INFORMATION_FORMAT = "dwarf-with-dsym";
				ENABLE_STRICT_OBJC_MSGSEND = YES;
				GCC_C_LANGUAGE_STANDARD = gnu99;
				GCC_DYNAMIC_NO_PIC = NO;
				GCC_NO_COMMON_BLOCKS = YES;
				GCC_OPTIMIZATION_LEVEL = 0;
				GCC_PREPROCESSOR_DEFINITIONS = (
					"DEBUG=1",
					"$(inherited)",
				);
				GCC_SYMBOLS_PRIVATE_EXTERN = NO;
				GCC_WARN_64_TO_32_BIT_CONVERSION = YES;
				GCC_WARN_ABOUT_RETURN_TYPE = YES_ERROR;
				GCC_WARN_UNDECLARED_SELECTOR = YES;
				GCC_WARN_UNINITIALIZED_AUTOS = YES_AGGRESSIVE;
				GCC_WARN_UNUSED_FUNCTION = YES;
				GCC_WARN_UNUSED_VARIABLE = YES;
				IPHONEOS_DEPLOYMENT_TARGET = 8.4;
				MTL_ENABLE_DEBUG_INFO = YES;
				ONLY_ACTIVE_ARCH = YES;
				SDKROOT = iphoneos;
				SWIFT_OPTIMIZATION_LEVEL = "-Onone";
				TARGETED_DEVICE_FAMILY = "1,2";
			};
			name = Debug;
		};
		6BB56E351B86BE030055D7E7 /* Release */ = {
			isa = XCBuildConfiguration;
			buildSettings = {
				ALWAYS_SEARCH_USER_PATHS = NO;
				CLANG_CXX_LANGUAGE_STANDARD = "gnu++0x";
				CLANG_CXX_LIBRARY = "libc++";
				CLANG_ENABLE_MODULES = YES;
				CLANG_ENABLE_OBJC_ARC = YES;
				CLANG_WARN_BOOL_CONVERSION = YES;
				CLANG_WARN_CONSTANT_CONVERSION = YES;
				CLANG_WARN_DIRECT_OBJC_ISA_USAGE = YES_ERROR;
				CLANG_WARN_EMPTY_BODY = YES;
				CLANG_WARN_ENUM_CONVERSION = YES;
				CLANG_WARN_INT_CONVERSION = YES;
				CLANG_WARN_OBJC_ROOT_CLASS = YES_ERROR;
				CLANG_WARN_UNREACHABLE_CODE = YES;
				CLANG_WARN__DUPLICATE_METHOD_MATCH = YES;
				"CODE_SIGN_IDENTITY[sdk=iphoneos*]" = "iPhone Developer";
				COPY_PHASE_STRIP = NO;
				DEBUG_INFORMATION_FORMAT = "dwarf-with-dsym";
				ENABLE_NS_ASSERTIONS = NO;
				ENABLE_STRICT_OBJC_MSGSEND = YES;
				GCC_C_LANGUAGE_STANDARD = gnu99;
				GCC_NO_COMMON_BLOCKS = YES;
				GCC_WARN_64_TO_32_BIT_CONVERSION = YES;
				GCC_WARN_ABOUT_RETURN_TYPE = YES_ERROR;
				GCC_WARN_UNDECLARED_SELECTOR = YES;
				GCC_WARN_UNINITIALIZED_AUTOS = YES_AGGRESSIVE;
				GCC_WARN_UNUSED_FUNCTION = YES;
				GCC_WARN_UNUSED_VARIABLE = YES;
				IPHONEOS_DEPLOYMENT_TARGET = 8.4;
				MTL_ENABLE_DEBUG_INFO = NO;
				SDKROOT = iphoneos;
				TARGETED_DEVICE_FAMILY = "1,2";
				VALIDATE_PRODUCT = YES;
			};
			name = Release;
		};
		6BB56E371B86BE030055D7E7 /* Debug */ = {
			isa = XCBuildConfiguration;
			buildSettings = {
				ASSETCATALOG_COMPILER_APPICON_NAME = AppIcon;
				INFOPLIST_FILE = Singleton/Info.plist;
				LD_RUNPATH_SEARCH_PATHS = "$(inherited) @executable_path/Frameworks";
				PRODUCT_NAME = "$(TARGET_NAME)";
			};
			name = Debug;
		};
		6BB56E381B86BE030055D7E7 /* Release */ = {
			isa = XCBuildConfiguration;
			buildSettings = {
				ASSETCATALOG_COMPILER_APPICON_NAME = AppIcon;
				INFOPLIST_FILE = Singleton/Info.plist;
				LD_RUNPATH_SEARCH_PATHS = "$(inherited) @executable_path/Frameworks";
				PRODUCT_NAME = "$(TARGET_NAME)";
			};
			name = Release;
		};
		6BB56E3A1B86BE030055D7E7 /* Debug */ = {
			isa = XCBuildConfiguration;
			buildSettings = {
				BUNDLE_LOADER = "$(TEST_HOST)";
				FRAMEWORK_SEARCH_PATHS = (
					"$(SDKROOT)/Developer/Library/Frameworks",
					"$(inherited)",
				);
				GCC_PREPROCESSOR_DEFINITIONS = (
					"DEBUG=1",
					"$(inherited)",
				);
				INFOPLIST_FILE = SingletonTests/Info.plist;
				LD_RUNPATH_SEARCH_PATHS = "$(inherited) @executable_path/Frameworks @loader_path/Frameworks";
				PRODUCT_NAME = "$(TARGET_NAME)";
				TEST_HOST = "$(BUILT_PRODUCTS_DIR)/Singleton.app/Singleton";
			};
			name = Debug;
		};
		6BB56E3B1B86BE030055D7E7 /* Release */ = {
			isa = XCBuildConfiguration;
			buildSettings = {
				BUNDLE_LOADER = "$(TEST_HOST)";
				FRAMEWORK_SEARCH_PATHS = (
					"$(SDKROOT)/Developer/Library/Frameworks",
					"$(inherited)",
				);
				INFOPLIST_FILE = SingletonTests/Info.plist;
				LD_RUNPATH_SEARCH_PATHS = "$(inherited) @executable_path/Frameworks @loader_path/Frameworks";
				PRODUCT_NAME = "$(TARGET_NAME)";
				TEST_HOST = "$(BUILT_PRODUCTS_DIR)/Singleton.app/Singleton";
			};
			name = Release;
		};
/* End XCBuildConfiguration section */

/* Begin XCConfigurationList section */
		6BB56E121B86BE020055D7E7 /* Build configuration list for PBXProject "Singleton" */ = {
			isa = XCConfigurationList;
			buildConfigurations = (
				6BB56E341B86BE030055D7E7 /* Debug */,
				6BB56E351B86BE030055D7E7 /* Release */,
			);
			defaultConfigurationIsVisible = 0;
			defaultConfigurationName = Release;
		};
		6BB56E361B86BE030055D7E7 /* Build configuration list for PBXNativeTarget "Singleton" */ = {
			isa = XCConfigurationList;
			buildConfigurations = (
				6BB56E371B86BE030055D7E7 /* Debug */,
				6BB56E381B86BE030055D7E7 /* Release */,
			);
			defaultConfigurationIsVisible = 0;
		};
		6BB56E391B86BE030055D7E7 /* Build configuration list for PBXNativeTarget "SingletonTests" */ = {
			isa = XCConfigurationList;
			buildConfigurations = (
				6BB56E3A1B86BE030055D7E7 /* Debug */,
				6BB56E3B1B86BE030055D7E7 /* Release */,
			);
			defaultConfigurationIsVisible = 0;
		};
/* End XCConfigurationList section */
	};
	rootObject = 6BB56E0F1B86BE020055D7E7 /* Project object */;
}
