// !$*UTF8*$!
{
	archiveVersion = 1;
	classes = {
	};
	objectVersion = 46;
	objects = {

/* Begin PBXBuildFile section */
		6B9BAE681B8F094900887CCC /* AppDelegate.swift in Sources */ = {isa = PBXBuildFile; fileRef = 6B9BAE671B8F094900887CCC /* AppDelegate.swift */; };
		6B9BAE6A1B8F094900887CCC /* ViewController.swift in Sources */ = {isa = PBXBuildFile; fileRef = 6B9BAE691B8F094900887CCC /* ViewController.swift */; };
		6B9BAE6D1B8F094900887CCC /* Main.storyboard in Resources */ = {isa = PBXBuildFile; fileRef = 6B9BAE6B1B8F094900887CCC /* Main.storyboard */; };
		6B9BAE6F1B8F094900887CCC /* Images.xcassets in Resources */ = {isa = PBXBuildFile; fileRef = 6B9BAE6E1B8F094900887CCC /* Images.xcassets */; };
		6B9BAE721B8F094900887CCC /* LaunchScreen.xib in Resources */ = {isa = PBXBuildFile; fileRef = 6B9BAE701B8F094900887CCC /* LaunchScreen.xib */; };
		6B9BAE7E1B8F094900887CCC /* TEClosureTests.swift in Sources */ = {isa = PBXBuildFile; fileRef = 6B9BAE7D1B8F094900887CCC /* TEClosureTests.swift */; };
/* End PBXBuildFile section */

/* Begin PBXContainerItemProxy section */
		6B9BAE781B8F094900887CCC /* PBXContainerItemProxy */ = {
			isa = PBXContainerItemProxy;
			containerPortal = 6B9BAE5A1B8F094900887CCC /* Project object */;
			proxyType = 1;
			remoteGlobalIDString = 6B9BAE611B8F094900887CCC;
			remoteInfo = TEClosure;
		};
/* End PBXContainerItemProxy section */

/* Begin PBXFileReference section */
		6B9BAE621B8F094900887CCC /* TEClosure.app */ = {isa = PBXFileReference; explicitFileType = wrapper.application; includeInIndex = 0; path = TEClosure.app; sourceTree = BUILT_PRODUCTS_DIR; };
		6B9BAE661B8F094900887CCC /* Info.plist */ = {isa = PBXFileReference; lastKnownFileType = text.plist.xml; path = Info.plist; sourceTree = "<group>"; };
		6B9BAE671B8F094900887CCC /* AppDelegate.swift */ = {isa = PBXFileReference; lastKnownFileType = sourcecode.swift; path = AppDelegate.swift; sourceTree = "<group>"; };
		6B9BAE691B8F094900887CCC /* ViewController.swift */ = {isa = PBXFileReference; lastKnownFileType = sourcecode.swift; path = ViewController.swift; sourceTree = "<group>"; };
		6B9BAE6C1B8F094900887CCC /* Base */ = {isa = PBXFileReference; lastKnownFileType = file.storyboard; name = Base; path = Base.lproj/Main.storyboard; sourceTree = "<group>"; };
		6B9BAE6E1B8F094900887CCC /* Images.xcassets */ = {isa = PBXFileReference; lastKnownFileType = folder.assetcatalog; path = Images.xcassets; sourceTree = "<group>"; };
		6B9BAE711B8F094900887CCC /* Base */ = {isa = PBXFileReference; lastKnownFileType = file.xib; name = Base; path = Base.lproj/LaunchScreen.xib; sourceTree = "<group>"; };
		6B9BAE771B8F094900887CCC /* TEClosureTests.xctest */ = {isa = PBXFileReference; explicitFileType = wrapper.cfbundle; includeInIndex = 0; path = TEClosureTests.xctest; sourceTree = BUILT_PRODUCTS_DIR; };
		6B9BAE7C1B8F094900887CCC /* Info.plist */ = {isa = PBXFileReference; lastKnownFileType = text.plist.xml; path = Info.plist; sourceTree = "<group>"; };
		6B9BAE7D1B8F094900887CCC /* TEClosureTests.swift */ = {isa = PBXFileReference; lastKnownFileType = sourcecode.swift; path = TEClosureTests.swift; sourceTree = "<group>"; };
/* End PBXFileReference section */

/* Begin PBXFrameworksBuildPhase section */
		6B9BAE5F1B8F094900887CCC /* Frameworks */ = {
			isa = PBXFrameworksBuildPhase;
			buildActionMask = 2147483647;
			files = (
			);
			runOnlyForDeploymentPostprocessing = 0;
		};
		6B9BAE741B8F094900887CCC /* Frameworks */ = {
			isa = PBXFrameworksBuildPhase;
			buildActionMask = 2147483647;
			files = (
			);
			runOnlyForDeploymentPostprocessing = 0;
		};
/* End PBXFrameworksBuildPhase section */

/* Begin PBXGroup section */
		6B9BAE591B8F094900887CCC = {
			isa = PBXGroup;
			children = (
				6B9BAE641B8F094900887CCC /* TEClosure */,
				6B9BAE7A1B8F094900887CCC /* TEClosureTests */,
				6B9BAE631B8F094900887CCC /* Products */,
			);
			sourceTree = "<group>";
		};
		6B9BAE631B8F094900887CCC /* Products */ = {
			isa = PBXGroup;
			children = (
				6B9BAE621B8F094900887CCC /* TEClosure.app */,
				6B9BAE771B8F094900887CCC /* TEClosureTests.xctest */,
			);
			name = Products;
			sourceTree = "<group>";
		};
		6B9BAE641B8F094900887CCC /* TEClosure */ = {
			isa = PBXGroup;
			children = (
				6B9BAE671B8F094900887CCC /* AppDelegate.swift */,
				6B9BAE691B8F094900887CCC /* ViewController.swift */,
				6B9BAE6B1B8F094900887CCC /* Main.storyboard */,
				6B9BAE6E1B8F094900887CCC /* Images.xcassets */,
				6B9BAE701B8F094900887CCC /* LaunchScreen.xib */,
				6B9BAE651B8F094900887CCC /* Supporting Files */,
			);
			path = TEClosure;
			sourceTree = "<group>";
		};
		6B9BAE651B8F094900887CCC /* Supporting Files */ = {
			isa = PBXGroup;
			children = (
				6B9BAE661B8F094900887CCC /* Info.plist */,
			);
			name = "Supporting Files";
			sourceTree = "<group>";
		};
		6B9BAE7A1B8F094900887CCC /* TEClosureTests */ = {
			isa = PBXGroup;
			children = (
				6B9BAE7D1B8F094900887CCC /* TEClosureTests.swift */,
				6B9BAE7B1B8F094900887CCC /* Supporting Files */,
			);
			path = TEClosureTests;
			sourceTree = "<group>";
		};
		6B9BAE7B1B8F094900887CCC /* Supporting Files */ = {
			isa = PBXGroup;
			children = (
				6B9BAE7C1B8F094900887CCC /* Info.plist */,
			);
			name = "Supporting Files";
			sourceTree = "<group>";
		};
/* End PBXGroup section */

/* Begin PBXNativeTarget section */
		6B9BAE611B8F094900887CCC /* TEClosure */ = {
			isa = PBXNativeTarget;
			buildConfigurationList = 6B9BAE811B8F094900887CCC /* Build configuration list for PBXNativeTarget "TEClosure" */;
			buildPhases = (
				6B9BAE5E1B8F094900887CCC /* Sources */,
				6B9BAE5F1B8F094900887CCC /* Frameworks */,
				6B9BAE601B8F094900887CCC /* Resources */,
			);
			buildRules = (
			);
			dependencies = (
			);
			name = TEClosure;
			productName = TEClosure;
			productReference = 6B9BAE621B8F094900887CCC /* TEClosure.app */;
			productType = "com.apple.product-type.application";
		};
		6B9BAE761B8F094900887CCC /* TEClosureTests */ = {
			isa = PBXNativeTarget;
			buildConfigurationList = 6B9BAE841B8F094900887CCC /* Build configuration list for PBXNativeTarget "TEClosureTests" */;
			buildPhases = (
				6B9BAE731B8F094900887CCC /* Sources */,
				6B9BAE741B8F094900887CCC /* Frameworks */,
				6B9BAE751B8F094900887CCC /* Resources */,
			);
			buildRules = (
			);
			dependencies = (
				6B9BAE791B8F094900887CCC /* PBXTargetDependency */,
			);
			name = TEClosureTests;
			productName = TEClosureTests;
			productReference = 6B9BAE771B8F094900887CCC /* TEClosureTests.xctest */;
			productType = "com.apple.product-type.bundle.unit-test";
		};
/* End PBXNativeTarget section */

/* Begin PBXProject section */
		6B9BAE5A1B8F094900887CCC /* Project object */ = {
			isa = PBXProject;
			attributes = {
				LastUpgradeCheck = 0640;
				ORGANIZATIONNAME = Terry;
				TargetAttributes = {
					6B9BAE611B8F094900887CCC = {
						CreatedOnToolsVersion = 6.4;
					};
					6B9BAE761B8F094900887CCC = {
						CreatedOnToolsVersion = 6.4;
						TestTargetID = 6B9BAE611B8F094900887CCC;
					};
				};
			};
			buildConfigurationList = 6B9BAE5D1B8F094900887CCC /* Build configuration list for PBXProject "TEClosure" */;
			compatibilityVersion = "Xcode 3.2";
			developmentRegion = English;
			hasScannedForEncodings = 0;
			knownRegions = (
				en,
				Base,
			);
			mainGroup = 6B9BAE591B8F094900887CCC;
			productRefGroup = 6B9BAE631B8F094900887CCC /* Products */;
			projectDirPath = "";
			projectRoot = "";
			targets = (
				6B9BAE611B8F094900887CCC /* TEClosure */,
				6B9BAE761B8F094900887CCC /* TEClosureTests */,
			);
		};
/* End PBXProject section */

/* Begin PBXResourcesBuildPhase section */
		6B9BAE601B8F094900887CCC /* Resources */ = {
			isa = PBXResourcesBuildPhase;
			buildActionMask = 2147483647;
			files = (
				6B9BAE6D1B8F094900887CCC /* Main.storyboard in Resources */,
				6B9BAE721B8F094900887CCC /* LaunchScreen.xib in Resources */,
				6B9BAE6F1B8F094900887CCC /* Images.xcassets in Resources */,
			);
			runOnlyForDeploymentPostprocessing = 0;
		};
		6B9BAE751B8F094900887CCC /* Resources */ = {
			isa = PBXResourcesBuildPhase;
			buildActionMask = 2147483647;
			files = (
			);
			runOnlyForDeploymentPostprocessing = 0;
		};
/* End PBXResourcesBuildPhase section */

/* Begin PBXSourcesBuildPhase section */
		6B9BAE5E1B8F094900887CCC /* Sources */ = {
			isa = PBXSourcesBuildPhase;
			buildActionMask = 2147483647;
			files = (
				6B9BAE6A1B8F094900887CCC /* ViewController.swift in Sources */,
				6B9BAE681B8F094900887CCC /* AppDelegate.swift in Sources */,
			);
			runOnlyForDeploymentPostprocessing = 0;
		};
		6B9BAE731B8F094900887CCC /* Sources */ = {
			isa = PBXSourcesBuildPhase;
			buildActionMask = 2147483647;
			files = (
				6B9BAE7E1B8F094900887CCC /* TEClosureTests.swift in Sources */,
			);
			runOnlyForDeploymentPostprocessing = 0;
		};
/* End PBXSourcesBuildPhase section */

/* Begin PBXTargetDependency section */
		6B9BAE791B8F094900887CCC /* PBXTargetDependency */ = {
			isa = PBXTargetDependency;
			target = 6B9BAE611B8F094900887CCC /* TEClosure */;
			targetProxy = 6B9BAE781B8F094900887CCC /* PBXContainerItemProxy */;
		};
/* End PBXTargetDependency section */

/* Begin PBXVariantGroup section */
		6B9BAE6B1B8F094900887CCC /* Main.storyboard */ = {
			isa = PBXVariantGroup;
			children = (
				6B9BAE6C1B8F094900887CCC /* Base */,
			);
			name = Main.storyboard;
			sourceTree = "<group>";
		};
		6B9BAE701B8F094900887CCC /* LaunchScreen.xib */ = {
			isa = PBXVariantGroup;
			children = (
				6B9BAE711B8F094900887CCC /* Base */,
			);
			name = LaunchScreen.xib;
			sourceTree = "<group>";
		};
/* End PBXVariantGroup section */

/* Begin XCBuildConfiguration section */
		6B9BAE7F1B8F094900887CCC /* Debug */ = {
			isa = XCBuildConfiguration;
			buildSettings = {
				ALWAYS_SEARCH_USER_PATHS = NO;
				CLANG_CXX_LANGUAGE_STANDARD = "gnu++0x";
				CLANG_CXX_LIBRARY = "libc++";
				CLANG_ENABLE_MODULES = YES;
				CLANG_ENABLE_OBJC_ARC = YES;
				CLANG_WARN_BOOL_CONVERSION = YES;
				CLANG_WARN_CONSTANT_CONVERSION = YES;
				CLANG_WARN_DIRECT_OBJC_ISA_USAGE = YES_ERROR;
				CLANG_WARN_EMPTY_BODY = YES;
				CLANG_WARN_ENUM_CONVERSION = YES;
				CLANG_WARN_INT_CONVERSION = YES;
				CLANG_WARN_OBJC_ROOT_CLASS = YES_ERROR;
				CLANG_WARN_UNREACHABLE_CODE = YES;
				CLANG_WARN__DUPLICATE_METHOD_MATCH = YES;
				"CODE_SIGN_IDENTITY[sdk=iphoneos*]" = "iPhone Developer";
				COPY_PHASE_STRIP = NO;
				DEBUG_INFORMATION_FORMAT = "dwarf-with-dsym";
				ENABLE_STRICT_OBJC_MSGSEND = YES;
				GCC_C_LANGUAGE_STANDARD = gnu99;
				GCC_DYNAMIC_NO_PIC = NO;
				GCC_NO_COMMON_BLOCKS = YES;
				GCC_OPTIMIZATION_LEVEL = 0;
				GCC_PREPROCESSOR_DEFINITIONS = (
					"DEBUG=1",
					"$(inherited)",
				);
				GCC_SYMBOLS_PRIVATE_EXTERN = NO;
				GCC_WARN_64_TO_32_BIT_CONVERSION = YES;
				GCC_WARN_ABOUT_RETURN_TYPE = YES_ERROR;
				GCC_WARN_UNDECLARED_SELECTOR = YES;
				GCC_WARN_UNINITIALIZED_AUTOS = YES_AGGRESSIVE;
				GCC_WARN_UNUSED_FUNCTION = YES;
				GCC_WARN_UNUSED_VARIABLE = YES;
				IPHONEOS_DEPLOYMENT_TARGET = 8.4;
				MTL_ENABLE_DEBUG_INFO = YES;
				ONLY_ACTIVE_ARCH = YES;
				SDKROOT = iphoneos;
				SWIFT_OPTIMIZATION_LEVEL = "-Onone";
				TARGETED_DEVICE_FAMILY = "1,2";
			};
			name = Debug;
		};
		6B9BAE801B8F094900887CCC /* Release */ = {
			isa = XCBuildConfiguration;
			buildSettings = {
				ALWAYS_SEARCH_USER_PATHS = NO;
				CLANG_CXX_LANGUAGE_STANDARD = "gnu++0x";
				CLANG_CXX_LIBRARY = "libc++";
				CLANG_ENABLE_MODULES = YES;
				CLANG_ENABLE_OBJC_ARC = YES;
				CLANG_WARN_BOOL_CONVERSION = YES;
				CLANG_WARN_CONSTANT_CONVERSION = YES;
				CLANG_WARN_DIRECT_OBJC_ISA_USAGE = YES_ERROR;
				CLANG_WARN_EMPTY_BODY = YES;
				CLANG_WARN_ENUM_CONVERSION = YES;
				CLANG_WARN_INT_CONVERSION = YES;
				CLANG_WARN_OBJC_ROOT_CLASS = YES_ERROR;
				CLANG_WARN_UNREACHABLE_CODE = YES;
				CLANG_WARN__DUPLICATE_METHOD_MATCH = YES;
				"CODE_SIGN_IDENTITY[sdk=iphoneos*]" = "iPhone Developer";
				COPY_PHASE_STRIP = NO;
				DEBUG_INFORMATION_FORMAT = "dwarf-with-dsym";
				ENABLE_NS_ASSERTIONS = NO;
				ENABLE_STRICT_OBJC_MSGSEND = YES;
				GCC_C_LANGUAGE_STANDARD = gnu99;
				GCC_NO_COMMON_BLOCKS = YES;
				GCC_WARN_64_TO_32_BIT_CONVERSION = YES;
				GCC_WARN_ABOUT_RETURN_TYPE = YES_ERROR;
				GCC_WARN_UNDECLARED_SELECTOR = YES;
				GCC_WARN_UNINITIALIZED_AUTOS = YES_AGGRESSIVE;
				GCC_WARN_UNUSED_FUNCTION = YES;
				GCC_WARN_UNUSED_VARIABLE = YES;
				IPHONEOS_DEPLOYMENT_TARGET = 8.4;
				MTL_ENABLE_DEBUG_INFO = NO;
				SDKROOT = iphoneos;
				TARGETED_DEVICE_FAMILY = "1,2";
				VALIDATE_PRODUCT = YES;
			};
			name = Release;
		};
		6B9BAE821B8F094900887CCC /* Debug */ = {
			isa = XCBuildConfiguration;
			buildSettings = {
				ASSETCATALOG_COMPILER_APPICON_NAME = AppIcon;
				INFOPLIST_FILE = TEClosure/Info.plist;
				LD_RUNPATH_SEARCH_PATHS = "$(inherited) @executable_path/Frameworks";
				PRODUCT_NAME = "$(TARGET_NAME)";
			};
			name = Debug;
		};
		6B9BAE831B8F094900887CCC /* Release */ = {
			isa = XCBuildConfiguration;
			buildSettings = {
				ASSETCATALOG_COMPILER_APPICON_NAME = AppIcon;
				INFOPLIST_FILE = TEClosure/Info.plist;
				LD_RUNPATH_SEARCH_PATHS = "$(inherited) @executable_path/Frameworks";
				PRODUCT_NAME = "$(TARGET_NAME)";
			};
			name = Release;
		};
		6B9BAE851B8F094900887CCC /* Debug */ = {
			isa = XCBuildConfiguration;
			buildSettings = {
				BUNDLE_LOADER = "$(TEST_HOST)";
				FRAMEWORK_SEARCH_PATHS = (
					"$(SDKROOT)/Developer/Library/Frameworks",
					"$(inherited)",
				);
				GCC_PREPROCESSOR_DEFINITIONS = (
					"DEBUG=1",
					"$(inherited)",
				);
				INFOPLIST_FILE = TEClosureTests/Info.plist;
				LD_RUNPATH_SEARCH_PATHS = "$(inherited) @executable_path/Frameworks @loader_path/Frameworks";
				PRODUCT_NAME = "$(TARGET_NAME)";
				TEST_HOST = "$(BUILT_PRODUCTS_DIR)/TEClosure.app/TEClosure";
			};
			name = Debug;
		};
		6B9BAE861B8F094900887CCC /* Release */ = {
			isa = XCBuildConfiguration;
			buildSettings = {
				BUNDLE_LOADER = "$(TEST_HOST)";
				FRAMEWORK_SEARCH_PATHS = (
					"$(SDKROOT)/Developer/Library/Frameworks",
					"$(inherited)",
				);
				INFOPLIST_FILE = TEClosureTests/Info.plist;
				LD_RUNPATH_SEARCH_PATHS = "$(inherited) @executable_path/Frameworks @loader_path/Frameworks";
				PRODUCT_NAME = "$(TARGET_NAME)";
				TEST_HOST = "$(BUILT_PRODUCTS_DIR)/TEClosure.app/TEClosure";
			};
			name = Release;
		};
/* End XCBuildConfiguration section */

/* Begin XCConfigurationList section */
		6B9BAE5D1B8F094900887CCC /* Build configuration list for PBXProject "TEClosure" */ = {
			isa = XCConfigurationList;
			buildConfigurations = (
				6B9BAE7F1B8F094900887CCC /* Debug */,
				6B9BAE801B8F094900887CCC /* Release */,
			);
			defaultConfigurationIsVisible = 0;
			defaultConfigurationName = Release;
		};
		6B9BAE811B8F094900887CCC /* Build configuration list for PBXNativeTarget "TEClosure" */ = {
			isa = XCConfigurationList;
			buildConfigurations = (
				6B9BAE821B8F094900887CCC /* Debug */,
				6B9BAE831B8F094900887CCC /* Release */,
			);
			defaultConfigurationIsVisible = 0;
		};
		6B9BAE841B8F094900887CCC /* Build configuration list for PBXNativeTarget "TEClosureTests" */ = {
			isa = XCConfigurationList;
			buildConfigurations = (
				6B9BAE851B8F094900887CCC /* Debug */,
				6B9BAE861B8F094900887CCC /* Release */,
			);
			defaultConfigurationIsVisible = 0;
		};
/* End XCConfigurationList section */
	};
	rootObject = 6B9BAE5A1B8F094900887CCC /* Project object */;
}
