// !$*UTF8*$!
{
	archiveVersion = 1;
	classes = {
	};
	objectVersion = 46;
	objects = {

/* Begin PBXBuildFile section */
		6B09EBFA1B8C68AB00A74E7A /* AppDelegate.swift in Sources */ = {isa = PBXBuildFile; fileRef = 6B09EBF91B8C68AB00A74E7A /* AppDelegate.swift */; };
		6B09EBFC1B8C68AB00A74E7A /* ViewController.swift in Sources */ = {isa = PBXBuildFile; fileRef = 6B09EBFB1B8C68AB00A74E7A /* ViewController.swift */; };
		6B09EBFF1B8C68AB00A74E7A /* Main.storyboard in Resources */ = {isa = PBXBuildFile; fileRef = 6B09EBFD1B8C68AB00A74E7A /* Main.storyboard */; };
		6B09EC011B8C68AB00A74E7A /* Images.xcassets in Resources */ = {isa = PBXBuildFile; fileRef = 6B09EC001B8C68AB00A74E7A /* Images.xcassets */; };
		6B09EC041B8C68AB00A74E7A /* LaunchScreen.xib in Resources */ = {isa = PBXBuildFile; fileRef = 6B09EC021B8C68AB00A74E7A /* LaunchScreen.xib */; };
		6B09EC101B8C68AB00A74E7A /* TECoreImageTests.swift in Sources */ = {isa = PBXBuildFile; fileRef = 6B09EC0F1B8C68AB00A74E7A /* TECoreImageTests.swift */; };
		6B09EC1A1B8C698100A74E7A /* image.jpg in Resources */ = {isa = PBXBuildFile; fileRef = 6B09EC191B8C698100A74E7A /* image.jpg */; };
/* End PBXBuildFile section */

/* Begin PBXContainerItemProxy section */
		6B09EC0A1B8C68AB00A74E7A /* PBXContainerItemProxy */ = {
			isa = PBXContainerItemProxy;
			containerPortal = 6B09EBEC1B8C68AA00A74E7A /* Project object */;
			proxyType = 1;
			remoteGlobalIDString = 6B09EBF31B8C68AB00A74E7A;
			remoteInfo = TECoreImage;
		};
/* End PBXContainerItemProxy section */

/* Begin PBXFileReference section */
		6B09EBF41B8C68AB00A74E7A /* TECoreImage.app */ = {isa = PBXFileReference; explicitFileType = wrapper.application; includeInIndex = 0; path = TECoreImage.app; sourceTree = BUILT_PRODUCTS_DIR; };
		6B09EBF81B8C68AB00A74E7A /* Info.plist */ = {isa = PBXFileReference; lastKnownFileType = text.plist.xml; path = Info.plist; sourceTree = "<group>"; };
		6B09EBF91B8C68AB00A74E7A /* AppDelegate.swift */ = {isa = PBXFileReference; lastKnownFileType = sourcecode.swift; path = AppDelegate.swift; sourceTree = "<group>"; };
		6B09EBFB1B8C68AB00A74E7A /* ViewController.swift */ = {isa = PBXFileReference; lastKnownFileType = sourcecode.swift; path = ViewController.swift; sourceTree = "<group>"; };
		6B09EBFE1B8C68AB00A74E7A /* Base */ = {isa = PBXFileReference; lastKnownFileType = file.storyboard; name = Base; path = Base.lproj/Main.storyboard; sourceTree = "<group>"; };
		6B09EC001B8C68AB00A74E7A /* Images.xcassets */ = {isa = PBXFileReference; lastKnownFileType = folder.assetcatalog; path = Images.xcassets; sourceTree = "<group>"; };
		6B09EC031B8C68AB00A74E7A /* Base */ = {isa = PBXFileReference; lastKnownFileType = file.xib; name = Base; path = Base.lproj/LaunchScreen.xib; sourceTree = "<group>"; };
		6B09EC091B8C68AB00A74E7A /* TECoreImageTests.xctest */ = {isa = PBXFileReference; explicitFileType = wrapper.cfbundle; includeInIndex = 0; path = TECoreImageTests.xctest; sourceTree = BUILT_PRODUCTS_DIR; };
		6B09EC0E1B8C68AB00A74E7A /* Info.plist */ = {isa = PBXFileReference; lastKnownFileType = text.plist.xml; path = Info.plist; sourceTree = "<group>"; };
		6B09EC0F1B8C68AB00A74E7A /* TECoreImageTests.swift */ = {isa = PBXFileReference; lastKnownFileType = sourcecode.swift; path = TECoreImageTests.swift; sourceTree = "<group>"; };
		6B09EC191B8C698100A74E7A /* image.jpg */ = {isa = PBXFileReference; lastKnownFileType = image.jpeg; path = image.jpg; sourceTree = "<group>"; };
/* End PBXFileReference section */

/* Begin PBXFrameworksBuildPhase section */
		6B09EBF11B8C68AB00A74E7A /* Frameworks */ = {
			isa = PBXFrameworksBuildPhase;
			buildActionMask = 2147483647;
			files = (
			);
			runOnlyForDeploymentPostprocessing = 0;
		};
		6B09EC061B8C68AB00A74E7A /* Frameworks */ = {
			isa = PBXFrameworksBuildPhase;
			buildActionMask = 2147483647;
			files = (
			);
			runOnlyForDeploymentPostprocessing = 0;
		};
/* End PBXFrameworksBuildPhase section */

/* Begin PBXGroup section */
		6B09EBEB1B8C68AA00A74E7A = {
			isa = PBXGroup;
			children = (
				6B09EBF61B8C68AB00A74E7A /* TECoreImage */,
				6B09EC0C1B8C68AB00A74E7A /* TECoreImageTests */,
				6B09EBF51B8C68AB00A74E7A /* Products */,
			);
			sourceTree = "<group>";
		};
		6B09EBF51B8C68AB00A74E7A /* Products */ = {
			isa = PBXGroup;
			children = (
				6B09EBF41B8C68AB00A74E7A /* TECoreImage.app */,
				6B09EC091B8C68AB00A74E7A /* TECoreImageTests.xctest */,
			);
			name = Products;
			sourceTree = "<group>";
		};
		6B09EBF61B8C68AB00A74E7A /* TECoreImage */ = {
			isa = PBXGroup;
			children = (
				6B09EC191B8C698100A74E7A /* image.jpg */,
				6B09EBF91B8C68AB00A74E7A /* AppDelegate.swift */,
				6B09EBFB1B8C68AB00A74E7A /* ViewController.swift */,
				6B09EBFD1B8C68AB00A74E7A /* Main.storyboard */,
				6B09EC001B8C68AB00A74E7A /* Images.xcassets */,
				6B09EC021B8C68AB00A74E7A /* LaunchScreen.xib */,
				6B09EBF71B8C68AB00A74E7A /* Supporting Files */,
			);
			path = TECoreImage;
			sourceTree = "<group>";
		};
		6B09EBF71B8C68AB00A74E7A /* Supporting Files */ = {
			isa = PBXGroup;
			children = (
				6B09EBF81B8C68AB00A74E7A /* Info.plist */,
			);
			name = "Supporting Files";
			sourceTree = "<group>";
		};
		6B09EC0C1B8C68AB00A74E7A /* TECoreImageTests */ = {
			isa = PBXGroup;
			children = (
				6B09EC0F1B8C68AB00A74E7A /* TECoreImageTests.swift */,
				6B09EC0D1B8C68AB00A74E7A /* Supporting Files */,
			);
			path = TECoreImageTests;
			sourceTree = "<group>";
		};
		6B09EC0D1B8C68AB00A74E7A /* Supporting Files */ = {
			isa = PBXGroup;
			children = (
				6B09EC0E1B8C68AB00A74E7A /* Info.plist */,
			);
			name = "Supporting Files";
			sourceTree = "<group>";
		};
/* End PBXGroup section */

/* Begin PBXNativeTarget section */
		6B09EBF31B8C68AB00A74E7A /* TECoreImage */ = {
			isa = PBXNativeTarget;
			buildConfigurationList = 6B09EC131B8C68AB00A74E7A /* Build configuration list for PBXNativeTarget "TECoreImage" */;
			buildPhases = (
				6B09EBF01B8C68AB00A74E7A /* Sources */,
				6B09EBF11B8C68AB00A74E7A /* Frameworks */,
				6B09EBF21B8C68AB00A74E7A /* Resources */,
			);
			buildRules = (
			);
			dependencies = (
			);
			name = TECoreImage;
			productName = TECoreImage;
			productReference = 6B09EBF41B8C68AB00A74E7A /* TECoreImage.app */;
			productType = "com.apple.product-type.application";
		};
		6B09EC081B8C68AB00A74E7A /* TECoreImageTests */ = {
			isa = PBXNativeTarget;
			buildConfigurationList = 6B09EC161B8C68AB00A74E7A /* Build configuration list for PBXNativeTarget "TECoreImageTests" */;
			buildPhases = (
				6B09EC051B8C68AB00A74E7A /* Sources */,
				6B09EC061B8C68AB00A74E7A /* Frameworks */,
				6B09EC071B8C68AB00A74E7A /* Resources */,
			);
			buildRules = (
			);
			dependencies = (
				6B09EC0B1B8C68AB00A74E7A /* PBXTargetDependency */,
			);
			name = TECoreImageTests;
			productName = TECoreImageTests;
			productReference = 6B09EC091B8C68AB00A74E7A /* TECoreImageTests.xctest */;
			productType = "com.apple.product-type.bundle.unit-test";
		};
/* End PBXNativeTarget section */

/* Begin PBXProject section */
		6B09EBEC1B8C68AA00A74E7A /* Project object */ = {
			isa = PBXProject;
			attributes = {
				LastUpgradeCheck = 0640;
				ORGANIZATIONNAME = Terry;
				TargetAttributes = {
					6B09EBF31B8C68AB00A74E7A = {
						CreatedOnToolsVersion = 6.4;
					};
					6B09EC081B8C68AB00A74E7A = {
						CreatedOnToolsVersion = 6.4;
						TestTargetID = 6B09EBF31B8C68AB00A74E7A;
					};
				};
			};
			buildConfigurationList = 6B09EBEF1B8C68AA00A74E7A /* Build configuration list for PBXProject "TECoreImage" */;
			compatibilityVersion = "Xcode 3.2";
			developmentRegion = English;
			hasScannedForEncodings = 0;
			knownRegions = (
				en,
				Base,
			);
			mainGroup = 6B09EBEB1B8C68AA00A74E7A;
			productRefGroup = 6B09EBF51B8C68AB00A74E7A /* Products */;
			projectDirPath = "";
			projectRoot = "";
			targets = (
				6B09EBF31B8C68AB00A74E7A /* TECoreImage */,
				6B09EC081B8C68AB00A74E7A /* TECoreImageTests */,
			);
		};
/* End PBXProject section */

/* Begin PBXResourcesBuildPhase section */
		6B09EBF21B8C68AB00A74E7A /* Resources */ = {
			isa = PBXResourcesBuildPhase;
			buildActionMask = 2147483647;
			files = (
				6B09EBFF1B8C68AB00A74E7A /* Main.storyboard in Resources */,
				6B09EC041B8C68AB00A74E7A /* LaunchScreen.xib in Resources */,
				6B09EC011B8C68AB00A74E7A /* Images.xcassets in Resources */,
				6B09EC1A1B8C698100A74E7A /* image.jpg in Resources */,
			);
			runOnlyForDeploymentPostprocessing = 0;
		};
		6B09EC071B8C68AB00A74E7A /* Resources */ = {
			isa = PBXResourcesBuildPhase;
			buildActionMask = 2147483647;
			files = (
			);
			runOnlyForDeploymentPostprocessing = 0;
		};
/* End PBXResourcesBuildPhase section */

/* Begin PBXSourcesBuildPhase section */
		6B09EBF01B8C68AB00A74E7A /* Sources */ = {
			isa = PBXSourcesBuildPhase;
			buildActionMask = 2147483647;
			files = (
				6B09EBFC1B8C68AB00A74E7A /* ViewController.swift in Sources */,
				6B09EBFA1B8C68AB00A74E7A /* AppDelegate.swift in Sources */,
			);
			runOnlyForDeploymentPostprocessing = 0;
		};
		6B09EC051B8C68AB00A74E7A /* Sources */ = {
			isa = PBXSourcesBuildPhase;
			buildActionMask = 2147483647;
			files = (
				6B09EC101B8C68AB00A74E7A /* TECoreImageTests.swift in Sources */,
			);
			runOnlyForDeploymentPostprocessing = 0;
		};
/* End PBXSourcesBuildPhase section */

/* Begin PBXTargetDependency section */
		6B09EC0B1B8C68AB00A74E7A /* PBXTargetDependency */ = {
			isa = PBXTargetDependency;
			target = 6B09EBF31B8C68AB00A74E7A /* TECoreImage */;
			targetProxy = 6B09EC0A1B8C68AB00A74E7A /* PBXContainerItemProxy */;
		};
/* End PBXTargetDependency section */

/* Begin PBXVariantGroup section */
		6B09EBFD1B8C68AB00A74E7A /* Main.storyboard */ = {
			isa = PBXVariantGroup;
			children = (
				6B09EBFE1B8C68AB00A74E7A /* Base */,
			);
			name = Main.storyboard;
			sourceTree = "<group>";
		};
		6B09EC021B8C68AB00A74E7A /* LaunchScreen.xib */ = {
			isa = PBXVariantGroup;
			children = (
				6B09EC031B8C68AB00A74E7A /* Base */,
			);
			name = LaunchScreen.xib;
			sourceTree = "<group>";
		};
/* End PBXVariantGroup section */

/* Begin XCBuildConfiguration section */
		6B09EC111B8C68AB00A74E7A /* Debug */ = {
			isa = XCBuildConfiguration;
			buildSettings = {
				ALWAYS_SEARCH_USER_PATHS = NO;
				CLANG_CXX_LANGUAGE_STANDARD = "gnu++0x";
				CLANG_CXX_LIBRARY = "libc++";
				CLANG_ENABLE_MODULES = YES;
				CLANG_ENABLE_OBJC_ARC = YES;
				CLANG_WARN_BOOL_CONVERSION = YES;
				CLANG_WARN_CONSTANT_CONVERSION = YES;
				CLANG_WARN_DIRECT_OBJC_ISA_USAGE = YES_ERROR;
				CLANG_WARN_EMPTY_BODY = YES;
				CLANG_WARN_ENUM_CONVERSION = YES;
				CLANG_WARN_INT_CONVERSION = YES;
				CLANG_WARN_OBJC_ROOT_CLASS = YES_ERROR;
				CLANG_WARN_UNREACHABLE_CODE = YES;
				CLANG_WARN__DUPLICATE_METHOD_MATCH = YES;
				"CODE_SIGN_IDENTITY[sdk=iphoneos*]" = "iPhone Developer";
				COPY_PHASE_STRIP = NO;
				DEBUG_INFORMATION_FORMAT = "dwarf-with-dsym";
				ENABLE_STRICT_OBJC_MSGSEND = YES;
				GCC_C_LANGUAGE_STANDARD = gnu99;
				GCC_DYNAMIC_NO_PIC = NO;
				GCC_NO_COMMON_BLOCKS = YES;
				GCC_OPTIMIZATION_LEVEL = 0;
				GCC_PREPROCESSOR_DEFINITIONS = (
					"DEBUG=1",
					"$(inherited)",
				);
				GCC_SYMBOLS_PRIVATE_EXTERN = NO;
				GCC_WARN_64_TO_32_BIT_CONVERSION = YES;
				GCC_WARN_ABOUT_RETURN_TYPE = YES_ERROR;
				GCC_WARN_UNDECLARED_SELECTOR = YES;
				GCC_WARN_UNINITIALIZED_AUTOS = YES_AGGRESSIVE;
				GCC_WARN_UNUSED_FUNCTION = YES;
				GCC_WARN_UNUSED_VARIABLE = YES;
				IPHONEOS_DEPLOYMENT_TARGET = 8.4;
				MTL_ENABLE_DEBUG_INFO = YES;
				ONLY_ACTIVE_ARCH = YES;
				SDKROOT = iphoneos;
				SWIFT_OPTIMIZATION_LEVEL = "-Onone";
				TARGETED_DEVICE_FAMILY = "1,2";
			};
			name = Debug;
		};
		6B09EC121B8C68AB00A74E7A /* Release */ = {
			isa = XCBuildConfiguration;
			buildSettings = {
				ALWAYS_SEARCH_USER_PATHS = NO;
				CLANG_CXX_LANGUAGE_STANDARD = "gnu++0x";
				CLANG_CXX_LIBRARY = "libc++";
				CLANG_ENABLE_MODULES = YES;
				CLANG_ENABLE_OBJC_ARC = YES;
				CLANG_WARN_BOOL_CONVERSION = YES;
				CLANG_WARN_CONSTANT_CONVERSION = YES;
				CLANG_WARN_DIRECT_OBJC_ISA_USAGE = YES_ERROR;
				CLANG_WARN_EMPTY_BODY = YES;
				CLANG_WARN_ENUM_CONVERSION = YES;
				CLANG_WARN_INT_CONVERSION = YES;
				CLANG_WARN_OBJC_ROOT_CLASS = YES_ERROR;
				CLANG_WARN_UNREACHABLE_CODE = YES;
				CLANG_WARN__DUPLICATE_METHOD_MATCH = YES;
				"CODE_SIGN_IDENTITY[sdk=iphoneos*]" = "iPhone Developer";
				COPY_PHASE_STRIP = NO;
				DEBUG_INFORMATION_FORMAT = "dwarf-with-dsym";
				ENABLE_NS_ASSERTIONS = NO;
				ENABLE_STRICT_OBJC_MSGSEND = YES;
				GCC_C_LANGUAGE_STANDARD = gnu99;
				GCC_NO_COMMON_BLOCKS = YES;
				GCC_WARN_64_TO_32_BIT_CONVERSION = YES;
				GCC_WARN_ABOUT_RETURN_TYPE = YES_ERROR;
				GCC_WARN_UNDECLARED_SELECTOR = YES;
				GCC_WARN_UNINITIALIZED_AUTOS = YES_AGGRESSIVE;
				GCC_WARN_UNUSED_FUNCTION = YES;
				GCC_WARN_UNUSED_VARIABLE = YES;
				IPHONEOS_DEPLOYMENT_TARGET = 8.4;
				MTL_ENABLE_DEBUG_INFO = NO;
				SDKROOT = iphoneos;
				TARGETED_DEVICE_FAMILY = "1,2";
				VALIDATE_PRODUCT = YES;
			};
			name = Release;
		};
		6B09EC141B8C68AB00A74E7A /* Debug */ = {
			isa = XCBuildConfiguration;
			buildSettings = {
				ASSETCATALOG_COMPILER_APPICON_NAME = AppIcon;
				INFOPLIST_FILE = TECoreImage/Info.plist;
				LD_RUNPATH_SEARCH_PATHS = "$(inherited) @executable_path/Frameworks";
				PRODUCT_NAME = "$(TARGET_NAME)";
			};
			name = Debug;
		};
		6B09EC151B8C68AB00A74E7A /* Release */ = {
			isa = XCBuildConfiguration;
			buildSettings = {
				ASSETCATALOG_COMPILER_APPICON_NAME = AppIcon;
				INFOPLIST_FILE = TECoreImage/Info.plist;
				LD_RUNPATH_SEARCH_PATHS = "$(inherited) @executable_path/Frameworks";
				PRODUCT_NAME = "$(TARGET_NAME)";
			};
			name = Release;
		};
		6B09EC171B8C68AB00A74E7A /* Debug */ = {
			isa = XCBuildConfiguration;
			buildSettings = {
				BUNDLE_LOADER = "$(TEST_HOST)";
				FRAMEWORK_SEARCH_PATHS = (
					"$(SDKROOT)/Developer/Library/Frameworks",
					"$(inherited)",
				);
				GCC_PREPROCESSOR_DEFINITIONS = (
					"DEBUG=1",
					"$(inherited)",
				);
				INFOPLIST_FILE = TECoreImageTests/Info.plist;
				LD_RUNPATH_SEARCH_PATHS = "$(inherited) @executable_path/Frameworks @loader_path/Frameworks";
				PRODUCT_NAME = "$(TARGET_NAME)";
				TEST_HOST = "$(BUILT_PRODUCTS_DIR)/TECoreImage.app/TECoreImage";
			};
			name = Debug;
		};
		6B09EC181B8C68AB00A74E7A /* Release */ = {
			isa = XCBuildConfiguration;
			buildSettings = {
				BUNDLE_LOADER = "$(TEST_HOST)";
				FRAMEWORK_SEARCH_PATHS = (
					"$(SDKROOT)/Developer/Library/Frameworks",
					"$(inherited)",
				);
				INFOPLIST_FILE = TECoreImageTests/Info.plist;
				LD_RUNPATH_SEARCH_PATHS = "$(inherited) @executable_path/Frameworks @loader_path/Frameworks";
				PRODUCT_NAME = "$(TARGET_NAME)";
				TEST_HOST = "$(BUILT_PRODUCTS_DIR)/TECoreImage.app/TECoreImage";
			};
			name = Release;
		};
/* End XCBuildConfiguration section */

/* Begin XCConfigurationList section */
		6B09EBEF1B8C68AA00A74E7A /* Build configuration list for PBXProject "TECoreImage" */ = {
			isa = XCConfigurationList;
			buildConfigurations = (
				6B09EC111B8C68AB00A74E7A /* Debug */,
				6B09EC121B8C68AB00A74E7A /* Release */,
			);
			defaultConfigurationIsVisible = 0;
			defaultConfigurationName = Release;
		};
		6B09EC131B8C68AB00A74E7A /* Build configuration list for PBXNativeTarget "TECoreImage" */ = {
			isa = XCConfigurationList;
			buildConfigurations = (
				6B09EC141B8C68AB00A74E7A /* Debug */,
				6B09EC151B8C68AB00A74E7A /* Release */,
			);
			defaultConfigurationIsVisible = 0;
		};
		6B09EC161B8C68AB00A74E7A /* Build configuration list for PBXNativeTarget "TECoreImageTests" */ = {
			isa = XCConfigurationList;
			buildConfigurations = (
				6B09EC171B8C68AB00A74E7A /* Debug */,
				6B09EC181B8C68AB00A74E7A /* Release */,
			);
			defaultConfigurationIsVisible = 0;
		};
/* End XCConfigurationList section */
	};
	rootObject = 6B09EBEC1B8C68AA00A74E7A /* Project object */;
}
