// !$*UTF8*$!
{
	archiveVersion = 1;
	classes = {
	};
	objectVersion = 46;
	objects = {

/* Begin PBXBuildFile section */
		6B09EBCA1B8C4EFC00A74E7A /* AppDelegate.swift in Sources */ = {isa = PBXBuildFile; fileRef = 6B09EBC91B8C4EFC00A74E7A /* AppDelegate.swift */; };
		6B09EBCC1B8C4EFC00A74E7A /* ViewController.swift in Sources */ = {isa = PBXBuildFile; fileRef = 6B09EBCB1B8C4EFC00A74E7A /* ViewController.swift */; };
		6B09EBCF1B8C4EFC00A74E7A /* Main.storyboard in Resources */ = {isa = PBXBuildFile; fileRef = 6B09EBCD1B8C4EFC00A74E7A /* Main.storyboard */; };
		6B09EBD11B8C4EFC00A74E7A /* Images.xcassets in Resources */ = {isa = PBXBuildFile; fileRef = 6B09EBD01B8C4EFC00A74E7A /* Images.xcassets */; };
		6B09EBD41B8C4EFC00A74E7A /* LaunchScreen.xib in Resources */ = {isa = PBXBuildFile; fileRef = 6B09EBD21B8C4EFC00A74E7A /* LaunchScreen.xib */; };
		6B09EBE01B8C4EFC00A74E7A /* TECoreImageCIImageTests.swift in Sources */ = {isa = PBXBuildFile; fileRef = 6B09EBDF1B8C4EFC00A74E7A /* TECoreImageCIImageTests.swift */; };
		6B09EBEA1B8C4F1600A74E7A /* emotions.jpg in Resources */ = {isa = PBXBuildFile; fileRef = 6B09EBE91B8C4F1600A74E7A /* emotions.jpg */; };
/* End PBXBuildFile section */

/* Begin PBXContainerItemProxy section */
		6B09EBDA1B8C4EFC00A74E7A /* PBXContainerItemProxy */ = {
			isa = PBXContainerItemProxy;
			containerPortal = 6B09EBBC1B8C4EFC00A74E7A /* Project object */;
			proxyType = 1;
			remoteGlobalIDString = 6B09EBC31B8C4EFC00A74E7A;
			remoteInfo = TECoreImageCIImage;
		};
/* End PBXContainerItemProxy section */

/* Begin PBXFileReference section */
		6B09EBC41B8C4EFC00A74E7A /* TECoreImageCIImage.app */ = {isa = PBXFileReference; explicitFileType = wrapper.application; includeInIndex = 0; path = TECoreImageCIImage.app; sourceTree = BUILT_PRODUCTS_DIR; };
		6B09EBC81B8C4EFC00A74E7A /* Info.plist */ = {isa = PBXFileReference; lastKnownFileType = text.plist.xml; path = Info.plist; sourceTree = "<group>"; };
		6B09EBC91B8C4EFC00A74E7A /* AppDelegate.swift */ = {isa = PBXFileReference; lastKnownFileType = sourcecode.swift; path = AppDelegate.swift; sourceTree = "<group>"; };
		6B09EBCB1B8C4EFC00A74E7A /* ViewController.swift */ = {isa = PBXFileReference; lastKnownFileType = sourcecode.swift; path = ViewController.swift; sourceTree = "<group>"; };
		6B09EBCE1B8C4EFC00A74E7A /* Base */ = {isa = PBXFileReference; lastKnownFileType = file.storyboard; name = Base; path = Base.lproj/Main.storyboard; sourceTree = "<group>"; };
		6B09EBD01B8C4EFC00A74E7A /* Images.xcassets */ = {isa = PBXFileReference; lastKnownFileType = folder.assetcatalog; path = Images.xcassets; sourceTree = "<group>"; };
		6B09EBD31B8C4EFC00A74E7A /* Base */ = {isa = PBXFileReference; lastKnownFileType = file.xib; name = Base; path = Base.lproj/LaunchScreen.xib; sourceTree = "<group>"; };
		6B09EBD91B8C4EFC00A74E7A /* TECoreImageCIImageTests.xctest */ = {isa = PBXFileReference; explicitFileType = wrapper.cfbundle; includeInIndex = 0; path = TECoreImageCIImageTests.xctest; sourceTree = BUILT_PRODUCTS_DIR; };
		6B09EBDE1B8C4EFC00A74E7A /* Info.plist */ = {isa = PBXFileReference; lastKnownFileType = text.plist.xml; path = Info.plist; sourceTree = "<group>"; };
		6B09EBDF1B8C4EFC00A74E7A /* TECoreImageCIImageTests.swift */ = {isa = PBXFileReference; lastKnownFileType = sourcecode.swift; path = TECoreImageCIImageTests.swift; sourceTree = "<group>"; };
		6B09EBE91B8C4F1600A74E7A /* emotions.jpg */ = {isa = PBXFileReference; lastKnownFileType = image.jpeg; path = emotions.jpg; sourceTree = "<group>"; };
/* End PBXFileReference section */

/* Begin PBXFrameworksBuildPhase section */
		6B09EBC11B8C4EFC00A74E7A /* Frameworks */ = {
			isa = PBXFrameworksBuildPhase;
			buildActionMask = 2147483647;
			files = (
			);
			runOnlyForDeploymentPostprocessing = 0;
		};
		6B09EBD61B8C4EFC00A74E7A /* Frameworks */ = {
			isa = PBXFrameworksBuildPhase;
			buildActionMask = 2147483647;
			files = (
			);
			runOnlyForDeploymentPostprocessing = 0;
		};
/* End PBXFrameworksBuildPhase section */

/* Begin PBXGroup section */
		6B09EBBB1B8C4EFC00A74E7A = {
			isa = PBXGroup;
			children = (
				6B09EBC61B8C4EFC00A74E7A /* TECoreImageCIImage */,
				6B09EBDC1B8C4EFC00A74E7A /* TECoreImageCIImageTests */,
				6B09EBC51B8C4EFC00A74E7A /* Products */,
			);
			sourceTree = "<group>";
		};
		6B09EBC51B8C4EFC00A74E7A /* Products */ = {
			isa = PBXGroup;
			children = (
				6B09EBC41B8C4EFC00A74E7A /* TECoreImageCIImage.app */,
				6B09EBD91B8C4EFC00A74E7A /* TECoreImageCIImageTests.xctest */,
			);
			name = Products;
			sourceTree = "<group>";
		};
		6B09EBC61B8C4EFC00A74E7A /* TECoreImageCIImage */ = {
			isa = PBXGroup;
			children = (
				6B09EBE91B8C4F1600A74E7A /* emotions.jpg */,
				6B09EBC91B8C4EFC00A74E7A /* AppDelegate.swift */,
				6B09EBCB1B8C4EFC00A74E7A /* ViewController.swift */,
				6B09EBCD1B8C4EFC00A74E7A /* Main.storyboard */,
				6B09EBD01B8C4EFC00A74E7A /* Images.xcassets */,
				6B09EBD21B8C4EFC00A74E7A /* LaunchScreen.xib */,
				6B09EBC71B8C4EFC00A74E7A /* Supporting Files */,
			);
			path = TECoreImageCIImage;
			sourceTree = "<group>";
		};
		6B09EBC71B8C4EFC00A74E7A /* Supporting Files */ = {
			isa = PBXGroup;
			children = (
				6B09EBC81B8C4EFC00A74E7A /* Info.plist */,
			);
			name = "Supporting Files";
			sourceTree = "<group>";
		};
		6B09EBDC1B8C4EFC00A74E7A /* TECoreImageCIImageTests */ = {
			isa = PBXGroup;
			children = (
				6B09EBDF1B8C4EFC00A74E7A /* TECoreImageCIImageTests.swift */,
				6B09EBDD1B8C4EFC00A74E7A /* Supporting Files */,
			);
			path = TECoreImageCIImageTests;
			sourceTree = "<group>";
		};
		6B09EBDD1B8C4EFC00A74E7A /* Supporting Files */ = {
			isa = PBXGroup;
			children = (
				6B09EBDE1B8C4EFC00A74E7A /* Info.plist */,
			);
			name = "Supporting Files";
			sourceTree = "<group>";
		};
/* End PBXGroup section */

/* Begin PBXNativeTarget section */
		6B09EBC31B8C4EFC00A74E7A /* TECoreImageCIImage */ = {
			isa = PBXNativeTarget;
			buildConfigurationList = 6B09EBE31B8C4EFC00A74E7A /* Build configuration list for PBXNativeTarget "TECoreImageCIImage" */;
			buildPhases = (
				6B09EBC01B8C4EFC00A74E7A /* Sources */,
				6B09EBC11B8C4EFC00A74E7A /* Frameworks */,
				6B09EBC21B8C4EFC00A74E7A /* Resources */,
			);
			buildRules = (
			);
			dependencies = (
			);
			name = TECoreImageCIImage;
			productName = TECoreImageCIImage;
			productReference = 6B09EBC41B8C4EFC00A74E7A /* TECoreImageCIImage.app */;
			productType = "com.apple.product-type.application";
		};
		6B09EBD81B8C4EFC00A74E7A /* TECoreImageCIImageTests */ = {
			isa = PBXNativeTarget;
			buildConfigurationList = 6B09EBE61B8C4EFC00A74E7A /* Build configuration list for PBXNativeTarget "TECoreImageCIImageTests" */;
			buildPhases = (
				6B09EBD51B8C4EFC00A74E7A /* Sources */,
				6B09EBD61B8C4EFC00A74E7A /* Frameworks */,
				6B09EBD71B8C4EFC00A74E7A /* Resources */,
			);
			buildRules = (
			);
			dependencies = (
				6B09EBDB1B8C4EFC00A74E7A /* PBXTargetDependency */,
			);
			name = TECoreImageCIImageTests;
			productName = TECoreImageCIImageTests;
			productReference = 6B09EBD91B8C4EFC00A74E7A /* TECoreImageCIImageTests.xctest */;
			productType = "com.apple.product-type.bundle.unit-test";
		};
/* End PBXNativeTarget section */

/* Begin PBXProject section */
		6B09EBBC1B8C4EFC00A74E7A /* Project object */ = {
			isa = PBXProject;
			attributes = {
				LastUpgradeCheck = 0640;
				ORGANIZATIONNAME = Terry;
				TargetAttributes = {
					6B09EBC31B8C4EFC00A74E7A = {
						CreatedOnToolsVersion = 6.4;
					};
					6B09EBD81B8C4EFC00A74E7A = {
						CreatedOnToolsVersion = 6.4;
						TestTargetID = 6B09EBC31B8C4EFC00A74E7A;
					};
				};
			};
			buildConfigurationList = 6B09EBBF1B8C4EFC00A74E7A /* Build configuration list for PBXProject "TECoreImageCIImage" */;
			compatibilityVersion = "Xcode 3.2";
			developmentRegion = English;
			hasScannedForEncodings = 0;
			knownRegions = (
				en,
				Base,
			);
			mainGroup = 6B09EBBB1B8C4EFC00A74E7A;
			productRefGroup = 6B09EBC51B8C4EFC00A74E7A /* Products */;
			projectDirPath = "";
			projectRoot = "";
			targets = (
				6B09EBC31B8C4EFC00A74E7A /* TECoreImageCIImage */,
				6B09EBD81B8C4EFC00A74E7A /* TECoreImageCIImageTests */,
			);
		};
/* End PBXProject section */

/* Begin PBXResourcesBuildPhase section */
		6B09EBC21B8C4EFC00A74E7A /* Resources */ = {
			isa = PBXResourcesBuildPhase;
			buildActionMask = 2147483647;
			files = (
				6B09EBCF1B8C4EFC00A74E7A /* Main.storyboard in Resources */,
				6B09EBEA1B8C4F1600A74E7A /* emotions.jpg in Resources */,
				6B09EBD41B8C4EFC00A74E7A /* LaunchScreen.xib in Resources */,
				6B09EBD11B8C4EFC00A74E7A /* Images.xcassets in Resources */,
			);
			runOnlyForDeploymentPostprocessing = 0;
		};
		6B09EBD71B8C4EFC00A74E7A /* Resources */ = {
			isa = PBXResourcesBuildPhase;
			buildActionMask = 2147483647;
			files = (
			);
			runOnlyForDeploymentPostprocessing = 0;
		};
/* End PBXResourcesBuildPhase section */

/* Begin PBXSourcesBuildPhase section */
		6B09EBC01B8C4EFC00A74E7A /* Sources */ = {
			isa = PBXSourcesBuildPhase;
			buildActionMask = 2147483647;
			files = (
				6B09EBCC1B8C4EFC00A74E7A /* ViewController.swift in Sources */,
				6B09EBCA1B8C4EFC00A74E7A /* AppDelegate.swift in Sources */,
			);
			runOnlyForDeploymentPostprocessing = 0;
		};
		6B09EBD51B8C4EFC00A74E7A /* Sources */ = {
			isa = PBXSourcesBuildPhase;
			buildActionMask = 2147483647;
			files = (
				6B09EBE01B8C4EFC00A74E7A /* TECoreImageCIImageTests.swift in Sources */,
			);
			runOnlyForDeploymentPostprocessing = 0;
		};
/* End PBXSourcesBuildPhase section */

/* Begin PBXTargetDependency section */
		6B09EBDB1B8C4EFC00A74E7A /* PBXTargetDependency */ = {
			isa = PBXTargetDependency;
			target = 6B09EBC31B8C4EFC00A74E7A /* TECoreImageCIImage */;
			targetProxy = 6B09EBDA1B8C4EFC00A74E7A /* PBXContainerItemProxy */;
		};
/* End PBXTargetDependency section */

/* Begin PBXVariantGroup section */
		6B09EBCD1B8C4EFC00A74E7A /* Main.storyboard */ = {
			isa = PBXVariantGroup;
			children = (
				6B09EBCE1B8C4EFC00A74E7A /* Base */,
			);
			name = Main.storyboard;
			sourceTree = "<group>";
		};
		6B09EBD21B8C4EFC00A74E7A /* LaunchScreen.xib */ = {
			isa = PBXVariantGroup;
			children = (
				6B09EBD31B8C4EFC00A74E7A /* Base */,
			);
			name = LaunchScreen.xib;
			sourceTree = "<group>";
		};
/* End PBXVariantGroup section */

/* Begin XCBuildConfiguration section */
		6B09EBE11B8C4EFC00A74E7A /* Debug */ = {
			isa = XCBuildConfiguration;
			buildSettings = {
				ALWAYS_SEARCH_USER_PATHS = NO;
				CLANG_CXX_LANGUAGE_STANDARD = "gnu++0x";
				CLANG_CXX_LIBRARY = "libc++";
				CLANG_ENABLE_MODULES = YES;
				CLANG_ENABLE_OBJC_ARC = YES;
				CLANG_WARN_BOOL_CONVERSION = YES;
				CLANG_WARN_CONSTANT_CONVERSION = YES;
				CLANG_WARN_DIRECT_OBJC_ISA_USAGE = YES_ERROR;
				CLANG_WARN_EMPTY_BODY = YES;
				CLANG_WARN_ENUM_CONVERSION = YES;
				CLANG_WARN_INT_CONVERSION = YES;
				CLANG_WARN_OBJC_ROOT_CLASS = YES_ERROR;
				CLANG_WARN_UNREACHABLE_CODE = YES;
				CLANG_WARN__DUPLICATE_METHOD_MATCH = YES;
				"CODE_SIGN_IDENTITY[sdk=iphoneos*]" = "iPhone Developer";
				COPY_PHASE_STRIP = NO;
				DEBUG_INFORMATION_FORMAT = "dwarf-with-dsym";
				ENABLE_STRICT_OBJC_MSGSEND = YES;
				GCC_C_LANGUAGE_STANDARD = gnu99;
				GCC_DYNAMIC_NO_PIC = NO;
				GCC_NO_COMMON_BLOCKS = YES;
				GCC_OPTIMIZATION_LEVEL = 0;
				GCC_PREPROCESSOR_DEFINITIONS = (
					"DEBUG=1",
					"$(inherited)",
				);
				GCC_SYMBOLS_PRIVATE_EXTERN = NO;
				GCC_WARN_64_TO_32_BIT_CONVERSION = YES;
				GCC_WARN_ABOUT_RETURN_TYPE = YES_ERROR;
				GCC_WARN_UNDECLARED_SELECTOR = YES;
				GCC_WARN_UNINITIALIZED_AUTOS = YES_AGGRESSIVE;
				GCC_WARN_UNUSED_FUNCTION = YES;
				GCC_WARN_UNUSED_VARIABLE = YES;
				IPHONEOS_DEPLOYMENT_TARGET = 8.4;
				MTL_ENABLE_DEBUG_INFO = YES;
				ONLY_ACTIVE_ARCH = YES;
				SDKROOT = iphoneos;
				SWIFT_OPTIMIZATION_LEVEL = "-Onone";
				TARGETED_DEVICE_FAMILY = "1,2";
			};
			name = Debug;
		};
		6B09EBE21B8C4EFC00A74E7A /* Release */ = {
			isa = XCBuildConfiguration;
			buildSettings = {
				ALWAYS_SEARCH_USER_PATHS = NO;
				CLANG_CXX_LANGUAGE_STANDARD = "gnu++0x";
				CLANG_CXX_LIBRARY = "libc++";
				CLANG_ENABLE_MODULES = YES;
				CLANG_ENABLE_OBJC_ARC = YES;
				CLANG_WARN_BOOL_CONVERSION = YES;
				CLANG_WARN_CONSTANT_CONVERSION = YES;
				CLANG_WARN_DIRECT_OBJC_ISA_USAGE = YES_ERROR;
				CLANG_WARN_EMPTY_BODY = YES;
				CLANG_WARN_ENUM_CONVERSION = YES;
				CLANG_WARN_INT_CONVERSION = YES;
				CLANG_WARN_OBJC_ROOT_CLASS = YES_ERROR;
				CLANG_WARN_UNREACHABLE_CODE = YES;
				CLANG_WARN__DUPLICATE_METHOD_MATCH = YES;
				"CODE_SIGN_IDENTITY[sdk=iphoneos*]" = "iPhone Developer";
				COPY_PHASE_STRIP = NO;
				DEBUG_INFORMATION_FORMAT = "dwarf-with-dsym";
				ENABLE_NS_ASSERTIONS = NO;
				ENABLE_STRICT_OBJC_MSGSEND = YES;
				GCC_C_LANGUAGE_STANDARD = gnu99;
				GCC_NO_COMMON_BLOCKS = YES;
				GCC_WARN_64_TO_32_BIT_CONVERSION = YES;
				GCC_WARN_ABOUT_RETURN_TYPE = YES_ERROR;
				GCC_WARN_UNDECLARED_SELECTOR = YES;
				GCC_WARN_UNINITIALIZED_AUTOS = YES_AGGRESSIVE;
				GCC_WARN_UNUSED_FUNCTION = YES;
				GCC_WARN_UNUSED_VARIABLE = YES;
				IPHONEOS_DEPLOYMENT_TARGET = 8.4;
				MTL_ENABLE_DEBUG_INFO = NO;
				SDKROOT = iphoneos;
				TARGETED_DEVICE_FAMILY = "1,2";
				VALIDATE_PRODUCT = YES;
			};
			name = Release;
		};
		6B09EBE41B8C4EFC00A74E7A /* Debug */ = {
			isa = XCBuildConfiguration;
			buildSettings = {
				ASSETCATALOG_COMPILER_APPICON_NAME = AppIcon;
				INFOPLIST_FILE = TECoreImageCIImage/Info.plist;
				LD_RUNPATH_SEARCH_PATHS = "$(inherited) @executable_path/Frameworks";
				PRODUCT_NAME = "$(TARGET_NAME)";
			};
			name = Debug;
		};
		6B09EBE51B8C4EFC00A74E7A /* Release */ = {
			isa = XCBuildConfiguration;
			buildSettings = {
				ASSETCATALOG_COMPILER_APPICON_NAME = AppIcon;
				INFOPLIST_FILE = TECoreImageCIImage/Info.plist;
				LD_RUNPATH_SEARCH_PATHS = "$(inherited) @executable_path/Frameworks";
				PRODUCT_NAME = "$(TARGET_NAME)";
			};
			name = Release;
		};
		6B09EBE71B8C4EFC00A74E7A /* Debug */ = {
			isa = XCBuildConfiguration;
			buildSettings = {
				BUNDLE_LOADER = "$(TEST_HOST)";
				FRAMEWORK_SEARCH_PATHS = (
					"$(SDKROOT)/Developer/Library/Frameworks",
					"$(inherited)",
				);
				GCC_PREPROCESSOR_DEFINITIONS = (
					"DEBUG=1",
					"$(inherited)",
				);
				INFOPLIST_FILE = TECoreImageCIImageTests/Info.plist;
				LD_RUNPATH_SEARCH_PATHS = "$(inherited) @executable_path/Frameworks @loader_path/Frameworks";
				PRODUCT_NAME = "$(TARGET_NAME)";
				TEST_HOST = "$(BUILT_PRODUCTS_DIR)/TECoreImageCIImage.app/TECoreImageCIImage";
			};
			name = Debug;
		};
		6B09EBE81B8C4EFC00A74E7A /* Release */ = {
			isa = XCBuildConfiguration;
			buildSettings = {
				BUNDLE_LOADER = "$(TEST_HOST)";
				FRAMEWORK_SEARCH_PATHS = (
					"$(SDKROOT)/Developer/Library/Frameworks",
					"$(inherited)",
				);
				INFOPLIST_FILE = TECoreImageCIImageTests/Info.plist;
				LD_RUNPATH_SEARCH_PATHS = "$(inherited) @executable_path/Frameworks @loader_path/Frameworks";
				PRODUCT_NAME = "$(TARGET_NAME)";
				TEST_HOST = "$(BUILT_PRODUCTS_DIR)/TECoreImageCIImage.app/TECoreImageCIImage";
			};
			name = Release;
		};
/* End XCBuildConfiguration section */

/* Begin XCConfigurationList section */
		6B09EBBF1B8C4EFC00A74E7A /* Build configuration list for PBXProject "TECoreImageCIImage" */ = {
			isa = XCConfigurationList;
			buildConfigurations = (
				6B09EBE11B8C4EFC00A74E7A /* Debug */,
				6B09EBE21B8C4EFC00A74E7A /* Release */,
			);
			defaultConfigurationIsVisible = 0;
			defaultConfigurationName = Release;
		};
		6B09EBE31B8C4EFC00A74E7A /* Build configuration list for PBXNativeTarget "TECoreImageCIImage" */ = {
			isa = XCConfigurationList;
			buildConfigurations = (
				6B09EBE41B8C4EFC00A74E7A /* Debug */,
				6B09EBE51B8C4EFC00A74E7A /* Release */,
			);
			defaultConfigurationIsVisible = 0;
		};
		6B09EBE61B8C4EFC00A74E7A /* Build configuration list for PBXNativeTarget "TECoreImageCIImageTests" */ = {
			isa = XCConfigurationList;
			buildConfigurations = (
				6B09EBE71B8C4EFC00A74E7A /* Debug */,
				6B09EBE81B8C4EFC00A74E7A /* Release */,
			);
			defaultConfigurationIsVisible = 0;
		};
/* End XCConfigurationList section */
	};
	rootObject = 6B09EBBC1B8C4EFC00A74E7A /* Project object */;
}
