// !$*UTF8*$!
{
	archiveVersion = 1;
	classes = {
	};
	objectVersion = 46;
	objects = {

/* Begin PBXBuildFile section */
		6B9BAE361B8EFAC800887CCC /* AppDelegate.swift in Sources */ = {isa = PBXBuildFile; fileRef = 6B9BAE351B8EFAC800887CCC /* AppDelegate.swift */; };
		6B9BAE381B8EFAC800887CCC /* ViewController.swift in Sources */ = {isa = PBXBuildFile; fileRef = 6B9BAE371B8EFAC800887CCC /* ViewController.swift */; };
		6B9BAE3B1B8EFAC800887CCC /* Main.storyboard in Resources */ = {isa = PBXBuildFile; fileRef = 6B9BAE391B8EFAC800887CCC /* Main.storyboard */; };
		6B9BAE3D1B8EFAC800887CCC /* Images.xcassets in Resources */ = {isa = PBXBuildFile; fileRef = 6B9BAE3C1B8EFAC800887CCC /* Images.xcassets */; };
		6B9BAE401B8EFAC800887CCC /* LaunchScreen.xib in Resources */ = {isa = PBXBuildFile; fileRef = 6B9BAE3E1B8EFAC800887CCC /* LaunchScreen.xib */; };
		6B9BAE4C1B8EFAC800887CCC /* MediaPlayerTests.swift in Sources */ = {isa = PBXBuildFile; fileRef = 6B9BAE4B1B8EFAC800887CCC /* MediaPlayerTests.swift */; };
		6B9BAE561B8EFB2200887CCC /* 02.mov in Resources */ = {isa = PBXBuildFile; fileRef = 6B9BAE551B8EFB2200887CCC /* 02.mov */; };
		6B9BAE581B8EFEAF00887CCC /* MediaPlayer.framework in Frameworks */ = {isa = PBXBuildFile; fileRef = 6B9BAE571B8EFEAF00887CCC /* MediaPlayer.framework */; };
/* End PBXBuildFile section */

/* Begin PBXContainerItemProxy section */
		6B9BAE461B8EFAC800887CCC /* PBXContainerItemProxy */ = {
			isa = PBXContainerItemProxy;
			containerPortal = 6B9BAE281B8EFAC800887CCC /* Project object */;
			proxyType = 1;
			remoteGlobalIDString = 6B9BAE2F1B8EFAC800887CCC;
			remoteInfo = MediaPlayer;
		};
/* End PBXContainerItemProxy section */

/* Begin PBXFileReference section */
		6B9BAE301B8EFAC800887CCC /* MediaPlayer.app */ = {isa = PBXFileReference; explicitFileType = wrapper.application; includeInIndex = 0; path = MediaPlayer.app; sourceTree = BUILT_PRODUCTS_DIR; };
		6B9BAE341B8EFAC800887CCC /* Info.plist */ = {isa = PBXFileReference; lastKnownFileType = text.plist.xml; path = Info.plist; sourceTree = "<group>"; };
		6B9BAE351B8EFAC800887CCC /* AppDelegate.swift */ = {isa = PBXFileReference; lastKnownFileType = sourcecode.swift; path = AppDelegate.swift; sourceTree = "<group>"; };
		6B9BAE371B8EFAC800887CCC /* ViewController.swift */ = {isa = PBXFileReference; lastKnownFileType = sourcecode.swift; path = ViewController.swift; sourceTree = "<group>"; };
		6B9BAE3A1B8EFAC800887CCC /* Base */ = {isa = PBXFileReference; lastKnownFileType = file.storyboard; name = Base; path = Base.lproj/Main.storyboard; sourceTree = "<group>"; };
		6B9BAE3C1B8EFAC800887CCC /* Images.xcassets */ = {isa = PBXFileReference; lastKnownFileType = folder.assetcatalog; path = Images.xcassets; sourceTree = "<group>"; };
		6B9BAE3F1B8EFAC800887CCC /* Base */ = {isa = PBXFileReference; lastKnownFileType = file.xib; name = Base; path = Base.lproj/LaunchScreen.xib; sourceTree = "<group>"; };
		6B9BAE451B8EFAC800887CCC /* MediaPlayerTests.xctest */ = {isa = PBXFileReference; explicitFileType = wrapper.cfbundle; includeInIndex = 0; path = MediaPlayerTests.xctest; sourceTree = BUILT_PRODUCTS_DIR; };
		6B9BAE4A1B8EFAC800887CCC /* Info.plist */ = {isa = PBXFileReference; lastKnownFileType = text.plist.xml; path = Info.plist; sourceTree = "<group>"; };
		6B9BAE4B1B8EFAC800887CCC /* MediaPlayerTests.swift */ = {isa = PBXFileReference; lastKnownFileType = sourcecode.swift; path = MediaPlayerTests.swift; sourceTree = "<group>"; };
		6B9BAE551B8EFB2200887CCC /* 02.mov */ = {isa = PBXFileReference; lastKnownFileType = video.quicktime; path = 02.mov; sourceTree = "<group>"; };
		6B9BAE571B8EFEAF00887CCC /* MediaPlayer.framework */ = {isa = PBXFileReference; lastKnownFileType = wrapper.framework; name = MediaPlayer.framework; path = System/Library/Frameworks/MediaPlayer.framework; sourceTree = SDKROOT; };
/* End PBXFileReference section */

/* Begin PBXFrameworksBuildPhase section */
		6B9BAE2D1B8EFAC800887CCC /* Frameworks */ = {
			isa = PBXFrameworksBuildPhase;
			buildActionMask = 2147483647;
			files = (
				6B9BAE581B8EFEAF00887CCC /* MediaPlayer.framework in Frameworks */,
			);
			runOnlyForDeploymentPostprocessing = 0;
		};
		6B9BAE421B8EFAC800887CCC /* Frameworks */ = {
			isa = PBXFrameworksBuildPhase;
			buildActionMask = 2147483647;
			files = (
			);
			runOnlyForDeploymentPostprocessing = 0;
		};
/* End PBXFrameworksBuildPhase section */

/* Begin PBXGroup section */
		6B9BAE271B8EFAC800887CCC = {
			isa = PBXGroup;
			children = (
				6B9BAE571B8EFEAF00887CCC /* MediaPlayer.framework */,
				6B9BAE321B8EFAC800887CCC /* MediaPlayer */,
				6B9BAE481B8EFAC800887CCC /* MediaPlayerTests */,
				6B9BAE311B8EFAC800887CCC /* Products */,
			);
			sourceTree = "<group>";
		};
		6B9BAE311B8EFAC800887CCC /* Products */ = {
			isa = PBXGroup;
			children = (
				6B9BAE301B8EFAC800887CCC /* MediaPlayer.app */,
				6B9BAE451B8EFAC800887CCC /* MediaPlayerTests.xctest */,
			);
			name = Products;
			sourceTree = "<group>";
		};
		6B9BAE321B8EFAC800887CCC /* MediaPlayer */ = {
			isa = PBXGroup;
			children = (
				6B9BAE551B8EFB2200887CCC /* 02.mov */,
				6B9BAE351B8EFAC800887CCC /* AppDelegate.swift */,
				6B9BAE371B8EFAC800887CCC /* ViewController.swift */,
				6B9BAE391B8EFAC800887CCC /* Main.storyboard */,
				6B9BAE3C1B8EFAC800887CCC /* Images.xcassets */,
				6B9BAE3E1B8EFAC800887CCC /* LaunchScreen.xib */,
				6B9BAE331B8EFAC800887CCC /* Supporting Files */,
			);
			path = MediaPlayer;
			sourceTree = "<group>";
		};
		6B9BAE331B8EFAC800887CCC /* Supporting Files */ = {
			isa = PBXGroup;
			children = (
				6B9BAE341B8EFAC800887CCC /* Info.plist */,
			);
			name = "Supporting Files";
			sourceTree = "<group>";
		};
		6B9BAE481B8EFAC800887CCC /* MediaPlayerTests */ = {
			isa = PBXGroup;
			children = (
				6B9BAE4B1B8EFAC800887CCC /* MediaPlayerTests.swift */,
				6B9BAE491B8EFAC800887CCC /* Supporting Files */,
			);
			path = MediaPlayerTests;
			sourceTree = "<group>";
		};
		6B9BAE491B8EFAC800887CCC /* Supporting Files */ = {
			isa = PBXGroup;
			children = (
				6B9BAE4A1B8EFAC800887CCC /* Info.plist */,
			);
			name = "Supporting Files";
			sourceTree = "<group>";
		};
/* End PBXGroup section */

/* Begin PBXNativeTarget section */
		6B9BAE2F1B8EFAC800887CCC /* MediaPlayer */ = {
			isa = PBXNativeTarget;
			buildConfigurationList = 6B9BAE4F1B8EFAC800887CCC /* Build configuration list for PBXNativeTarget "MediaPlayer" */;
			buildPhases = (
				6B9BAE2C1B8EFAC800887CCC /* Sources */,
				6B9BAE2D1B8EFAC800887CCC /* Frameworks */,
				6B9BAE2E1B8EFAC800887CCC /* Resources */,
			);
			buildRules = (
			);
			dependencies = (
			);
			name = MediaPlayer;
			productName = MediaPlayer;
			productReference = 6B9BAE301B8EFAC800887CCC /* MediaPlayer.app */;
			productType = "com.apple.product-type.application";
		};
		6B9BAE441B8EFAC800887CCC /* MediaPlayerTests */ = {
			isa = PBXNativeTarget;
			buildConfigurationList = 6B9BAE521B8EFAC800887CCC /* Build configuration list for PBXNativeTarget "MediaPlayerTests" */;
			buildPhases = (
				6B9BAE411B8EFAC800887CCC /* Sources */,
				6B9BAE421B8EFAC800887CCC /* Frameworks */,
				6B9BAE431B8EFAC800887CCC /* Resources */,
			);
			buildRules = (
			);
			dependencies = (
				6B9BAE471B8EFAC800887CCC /* PBXTargetDependency */,
			);
			name = MediaPlayerTests;
			productName = MediaPlayerTests;
			productReference = 6B9BAE451B8EFAC800887CCC /* MediaPlayerTests.xctest */;
			productType = "com.apple.product-type.bundle.unit-test";
		};
/* End PBXNativeTarget section */

/* Begin PBXProject section */
		6B9BAE281B8EFAC800887CCC /* Project object */ = {
			isa = PBXProject;
			attributes = {
				LastUpgradeCheck = 0640;
				ORGANIZATIONNAME = Terry;
				TargetAttributes = {
					6B9BAE2F1B8EFAC800887CCC = {
						CreatedOnToolsVersion = 6.4;
					};
					6B9BAE441B8EFAC800887CCC = {
						CreatedOnToolsVersion = 6.4;
						TestTargetID = 6B9BAE2F1B8EFAC800887CCC;
					};
				};
			};
			buildConfigurationList = 6B9BAE2B1B8EFAC800887CCC /* Build configuration list for PBXProject "MediaPlayer" */;
			compatibilityVersion = "Xcode 3.2";
			developmentRegion = English;
			hasScannedForEncodings = 0;
			knownRegions = (
				en,
				Base,
			);
			mainGroup = 6B9BAE271B8EFAC800887CCC;
			productRefGroup = 6B9BAE311B8EFAC800887CCC /* Products */;
			projectDirPath = "";
			projectRoot = "";
			targets = (
				6B9BAE2F1B8EFAC800887CCC /* MediaPlayer */,
				6B9BAE441B8EFAC800887CCC /* MediaPlayerTests */,
			);
		};
/* End PBXProject section */

/* Begin PBXResourcesBuildPhase section */
		6B9BAE2E1B8EFAC800887CCC /* Resources */ = {
			isa = PBXResourcesBuildPhase;
			buildActionMask = 2147483647;
			files = (
				6B9BAE561B8EFB2200887CCC /* 02.mov in Resources */,
				6B9BAE3B1B8EFAC800887CCC /* Main.storyboard in Resources */,
				6B9BAE401B8EFAC800887CCC /* LaunchScreen.xib in Resources */,
				6B9BAE3D1B8EFAC800887CCC /* Images.xcassets in Resources */,
			);
			runOnlyForDeploymentPostprocessing = 0;
		};
		6B9BAE431B8EFAC800887CCC /* Resources */ = {
			isa = PBXResourcesBuildPhase;
			buildActionMask = 2147483647;
			files = (
			);
			runOnlyForDeploymentPostprocessing = 0;
		};
/* End PBXResourcesBuildPhase section */

/* Begin PBXSourcesBuildPhase section */
		6B9BAE2C1B8EFAC800887CCC /* Sources */ = {
			isa = PBXSourcesBuildPhase;
			buildActionMask = 2147483647;
			files = (
				6B9BAE381B8EFAC800887CCC /* ViewController.swift in Sources */,
				6B9BAE361B8EFAC800887CCC /* AppDelegate.swift in Sources */,
			);
			runOnlyForDeploymentPostprocessing = 0;
		};
		6B9BAE411B8EFAC800887CCC /* Sources */ = {
			isa = PBXSourcesBuildPhase;
			buildActionMask = 2147483647;
			files = (
				6B9BAE4C1B8EFAC800887CCC /* MediaPlayerTests.swift in Sources */,
			);
			runOnlyForDeploymentPostprocessing = 0;
		};
/* End PBXSourcesBuildPhase section */

/* Begin PBXTargetDependency section */
		6B9BAE471B8EFAC800887CCC /* PBXTargetDependency */ = {
			isa = PBXTargetDependency;
			target = 6B9BAE2F1B8EFAC800887CCC /* MediaPlayer */;
			targetProxy = 6B9BAE461B8EFAC800887CCC /* PBXContainerItemProxy */;
		};
/* End PBXTargetDependency section */

/* Begin PBXVariantGroup section */
		6B9BAE391B8EFAC800887CCC /* Main.storyboard */ = {
			isa = PBXVariantGroup;
			children = (
				6B9BAE3A1B8EFAC800887CCC /* Base */,
			);
			name = Main.storyboard;
			sourceTree = "<group>";
		};
		6B9BAE3E1B8EFAC800887CCC /* LaunchScreen.xib */ = {
			isa = PBXVariantGroup;
			children = (
				6B9BAE3F1B8EFAC800887CCC /* Base */,
			);
			name = LaunchScreen.xib;
			sourceTree = "<group>";
		};
/* End PBXVariantGroup section */

/* Begin XCBuildConfiguration section */
		6B9BAE4D1B8EFAC800887CCC /* Debug */ = {
			isa = XCBuildConfiguration;
			buildSettings = {
				ALWAYS_SEARCH_USER_PATHS = NO;
				CLANG_CXX_LANGUAGE_STANDARD = "gnu++0x";
				CLANG_CXX_LIBRARY = "libc++";
				CLANG_ENABLE_MODULES = YES;
				CLANG_ENABLE_OBJC_ARC = YES;
				CLANG_WARN_BOOL_CONVERSION = YES;
				CLANG_WARN_CONSTANT_CONVERSION = YES;
				CLANG_WARN_DIRECT_OBJC_ISA_USAGE = YES_ERROR;
				CLANG_WARN_EMPTY_BODY = YES;
				CLANG_WARN_ENUM_CONVERSION = YES;
				CLANG_WARN_INT_CONVERSION = YES;
				CLANG_WARN_OBJC_ROOT_CLASS = YES_ERROR;
				CLANG_WARN_UNREACHABLE_CODE = YES;
				CLANG_WARN__DUPLICATE_METHOD_MATCH = YES;
				"CODE_SIGN_IDENTITY[sdk=iphoneos*]" = "iPhone Developer";
				COPY_PHASE_STRIP = NO;
				DEBUG_INFORMATION_FORMAT = "dwarf-with-dsym";
				ENABLE_STRICT_OBJC_MSGSEND = YES;
				GCC_C_LANGUAGE_STANDARD = gnu99;
				GCC_DYNAMIC_NO_PIC = NO;
				GCC_NO_COMMON_BLOCKS = YES;
				GCC_OPTIMIZATION_LEVEL = 0;
				GCC_PREPROCESSOR_DEFINITIONS = (
					"DEBUG=1",
					"$(inherited)",
				);
				GCC_SYMBOLS_PRIVATE_EXTERN = NO;
				GCC_WARN_64_TO_32_BIT_CONVERSION = YES;
				GCC_WARN_ABOUT_RETURN_TYPE = YES_ERROR;
				GCC_WARN_UNDECLARED_SELECTOR = YES;
				GCC_WARN_UNINITIALIZED_AUTOS = YES_AGGRESSIVE;
				GCC_WARN_UNUSED_FUNCTION = YES;
				GCC_WARN_UNUSED_VARIABLE = YES;
				IPHONEOS_DEPLOYMENT_TARGET = 8.4;
				MTL_ENABLE_DEBUG_INFO = YES;
				ONLY_ACTIVE_ARCH = YES;
				SDKROOT = iphoneos;
				SWIFT_OPTIMIZATION_LEVEL = "-Onone";
				TARGETED_DEVICE_FAMILY = "1,2";
			};
			name = Debug;
		};
		6B9BAE4E1B8EFAC800887CCC /* Release */ = {
			isa = XCBuildConfiguration;
			buildSettings = {
				ALWAYS_SEARCH_USER_PATHS = NO;
				CLANG_CXX_LANGUAGE_STANDARD = "gnu++0x";
				CLANG_CXX_LIBRARY = "libc++";
				CLANG_ENABLE_MODULES = YES;
				CLANG_ENABLE_OBJC_ARC = YES;
				CLANG_WARN_BOOL_CONVERSION = YES;
				CLANG_WARN_CONSTANT_CONVERSION = YES;
				CLANG_WARN_DIRECT_OBJC_ISA_USAGE = YES_ERROR;
				CLANG_WARN_EMPTY_BODY = YES;
				CLANG_WARN_ENUM_CONVERSION = YES;
				CLANG_WARN_INT_CONVERSION = YES;
				CLANG_WARN_OBJC_ROOT_CLASS = YES_ERROR;
				CLANG_WARN_UNREACHABLE_CODE = YES;
				CLANG_WARN__DUPLICATE_METHOD_MATCH = YES;
				"CODE_SIGN_IDENTITY[sdk=iphoneos*]" = "iPhone Developer";
				COPY_PHASE_STRIP = NO;
				DEBUG_INFORMATION_FORMAT = "dwarf-with-dsym";
				ENABLE_NS_ASSERTIONS = NO;
				ENABLE_STRICT_OBJC_MSGSEND = YES;
				GCC_C_LANGUAGE_STANDARD = gnu99;
				GCC_NO_COMMON_BLOCKS = YES;
				GCC_WARN_64_TO_32_BIT_CONVERSION = YES;
				GCC_WARN_ABOUT_RETURN_TYPE = YES_ERROR;
				GCC_WARN_UNDECLARED_SELECTOR = YES;
				GCC_WARN_UNINITIALIZED_AUTOS = YES_AGGRESSIVE;
				GCC_WARN_UNUSED_FUNCTION = YES;
				GCC_WARN_UNUSED_VARIABLE = YES;
				IPHONEOS_DEPLOYMENT_TARGET = 8.4;
				MTL_ENABLE_DEBUG_INFO = NO;
				SDKROOT = iphoneos;
				TARGETED_DEVICE_FAMILY = "1,2";
				VALIDATE_PRODUCT = YES;
			};
			name = Release;
		};
		6B9BAE501B8EFAC800887CCC /* Debug */ = {
			isa = XCBuildConfiguration;
			buildSettings = {
				ASSETCATALOG_COMPILER_APPICON_NAME = AppIcon;
				INFOPLIST_FILE = MediaPlayer/Info.plist;
				LD_RUNPATH_SEARCH_PATHS = "$(inherited) @executable_path/Frameworks";
				PRODUCT_NAME = "$(TARGET_NAME)";
			};
			name = Debug;
		};
		6B9BAE511B8EFAC800887CCC /* Release */ = {
			isa = XCBuildConfiguration;
			buildSettings = {
				ASSETCATALOG_COMPILER_APPICON_NAME = AppIcon;
				INFOPLIST_FILE = MediaPlayer/Info.plist;
				LD_RUNPATH_SEARCH_PATHS = "$(inherited) @executable_path/Frameworks";
				PRODUCT_NAME = "$(TARGET_NAME)";
			};
			name = Release;
		};
		6B9BAE531B8EFAC800887CCC /* Debug */ = {
			isa = XCBuildConfiguration;
			buildSettings = {
				BUNDLE_LOADER = "$(TEST_HOST)";
				FRAMEWORK_SEARCH_PATHS = (
					"$(SDKROOT)/Developer/Library/Frameworks",
					"$(inherited)",
				);
				GCC_PREPROCESSOR_DEFINITIONS = (
					"DEBUG=1",
					"$(inherited)",
				);
				INFOPLIST_FILE = MediaPlayerTests/Info.plist;
				LD_RUNPATH_SEARCH_PATHS = "$(inherited) @executable_path/Frameworks @loader_path/Frameworks";
				PRODUCT_NAME = "$(TARGET_NAME)";
				TEST_HOST = "$(BUILT_PRODUCTS_DIR)/MediaPlayer.app/MediaPlayer";
			};
			name = Debug;
		};
		6B9BAE541B8EFAC800887CCC /* Release */ = {
			isa = XCBuildConfiguration;
			buildSettings = {
				BUNDLE_LOADER = "$(TEST_HOST)";
				FRAMEWORK_SEARCH_PATHS = (
					"$(SDKROOT)/Developer/Library/Frameworks",
					"$(inherited)",
				);
				INFOPLIST_FILE = MediaPlayerTests/Info.plist;
				LD_RUNPATH_SEARCH_PATHS = "$(inherited) @executable_path/Frameworks @loader_path/Frameworks";
				PRODUCT_NAME = "$(TARGET_NAME)";
				TEST_HOST = "$(BUILT_PRODUCTS_DIR)/MediaPlayer.app/MediaPlayer";
			};
			name = Release;
		};
/* End XCBuildConfiguration section */

/* Begin XCConfigurationList section */
		6B9BAE2B1B8EFAC800887CCC /* Build configuration list for PBXProject "MediaPlayer" */ = {
			isa = XCConfigurationList;
			buildConfigurations = (
				6B9BAE4D1B8EFAC800887CCC /* Debug */,
				6B9BAE4E1B8EFAC800887CCC /* Release */,
			);
			defaultConfigurationIsVisible = 0;
			defaultConfigurationName = Release;
		};
		6B9BAE4F1B8EFAC800887CCC /* Build configuration list for PBXNativeTarget "MediaPlayer" */ = {
			isa = XCConfigurationList;
			buildConfigurations = (
				6B9BAE501B8EFAC800887CCC /* Debug */,
				6B9BAE511B8EFAC800887CCC /* Release */,
			);
			defaultConfigurationIsVisible = 0;
		};
		6B9BAE521B8EFAC800887CCC /* Build configuration list for PBXNativeTarget "MediaPlayerTests" */ = {
			isa = XCConfigurationList;
			buildConfigurations = (
				6B9BAE531B8EFAC800887CCC /* Debug */,
				6B9BAE541B8EFAC800887CCC /* Release */,
			);
			defaultConfigurationIsVisible = 0;
		};
/* End XCConfigurationList section */
	};
	rootObject = 6B9BAE281B8EFAC800887CCC /* Project object */;
}
